// !$*UTF8*$!
{
	archiveVersion = 1;
	classes = {
	};
	objectVersion = 51;
	objects = {

/* Begin PBXBuildFile section */
		1860370D2351B4DB00565B03 /* MBProgressHUD+Add.m in Sources */ = {isa = PBXBuildFile; fileRef = 186037092351B4DB00565B03 /* MBProgressHUD+Add.m */; };
		1860370E2351B4DB00565B03 /* MBManager.m in Sources */ = {isa = PBXBuildFile; fileRef = 1860370A2351B4DB00565B03 /* MBManager.m */; };
		186037132351B96B00565B03 /* KsModel.m in Sources */ = {isa = PBXBuildFile; fileRef = 186037122351B96B00565B03 /* KsModel.m */; };
		1860371F2351DA5F00565B03 /* jzsp2.json in Resources */ = {isa = PBXBuildFile; fileRef = 1860371B2351DA5E00565B03 /* jzsp2.json */; };
		186037202351DA5F00565B03 /* jzsp0.json in Resources */ = {isa = PBXBuildFile; fileRef = 1860371C2351DA5F00565B03 /* jzsp0.json */; };
		186037212351DA5F00565B03 /* jzsp1.json in Resources */ = {isa = PBXBuildFile; fileRef = 1860371D2351DA5F00565B03 /* jzsp1.json */; };
		186037222351DA5F00565B03 /* jzsp3.json in Resources */ = {isa = PBXBuildFile; fileRef = 1860371E2351DA5F00565B03 /* jzsp3.json */; };
		18709FEA234F2672006CD559 /* MainViewController.m in Sources */ = {isa = PBXBuildFile; fileRef = 18709FDD234F2671006CD559 /* MainViewController.m */; };
		18709FEB234F2672006CD559 /* LoginViewController.m in Sources */ = {isa = PBXBuildFile; fileRef = 18709FE0234F2671006CD559 /* LoginViewController.m */; };
		18709FEC234F2672006CD559 /* SignViewController.m in Sources */ = {isa = PBXBuildFile; fileRef = 18709FE1234F2671006CD559 /* SignViewController.m */; };
		18709FED234F2672006CD559 /* MarketViewController.m in Sources */ = {isa = PBXBuildFile; fileRef = 18709FE5234F2672006CD559 /* MarketViewController.m */; };
		18709FEE234F2672006CD559 /* MyViewController.m in Sources */ = {isa = PBXBuildFile; fileRef = 18709FE9234F2672006CD559 /* MyViewController.m */; };
		18709FF2234F2679006CD559 /* TrainViewController.m in Sources */ = {isa = PBXBuildFile; fileRef = 18709FF1234F2679006CD559 /* TrainViewController.m */; };
		18709FF5234F4CBF006CD559 /* ChangeNameViewController.m in Sources */ = {isa = PBXBuildFile; fileRef = 18709FF4234F4CBF006CD559 /* ChangeNameViewController.m */; };
		18709FF8234F4CD1006CD559 /* ChangesecretViewController.m in Sources */ = {isa = PBXBuildFile; fileRef = 18709FF7234F4CD1006CD559 /* ChangesecretViewController.m */; };
		18709FFB234F4CE7006CD559 /* AboutViewController.m in Sources */ = {isa = PBXBuildFile; fileRef = 18709FFA234F4CE7006CD559 /* AboutViewController.m */; };
		1870A004234F4D2B006CD559 /* VersionViewController.m in Sources */ = {isa = PBXBuildFile; fileRef = 1870A003234F4D2B006CD559 /* VersionViewController.m */; };
		1870A007234F54EE006CD559 /* CZViewController.m in Sources */ = {isa = PBXBuildFile; fileRef = 1870A006234F54EE006CD559 /* CZViewController.m */; };
		1870A00B234F70C2006CD559 /* XLYTableViewCell.m in Sources */ = {isa = PBXBuildFile; fileRef = 1870A009234F70C2006CD559 /* XLYTableViewCell.m */; };
		1870A00C234F70C2006CD559 /* XLYTableViewCell.xib in Resources */ = {isa = PBXBuildFile; fileRef = 1870A00A234F70C2006CD559 /* XLYTableViewCell.xib */; };
		1870A00F234F79C5006CD559 /* BuysellViewController.m in Sources */ = {isa = PBXBuildFile; fileRef = 1870A00E234F79C5006CD559 /* BuysellViewController.m */; };
		18A97B4A234DBB06006BDBBC /* AppDelegate.m in Sources */ = {isa = PBXBuildFile; fileRef = 18A97B49234DBB06006BDBBC /* AppDelegate.m */; };
		18A97B55234DBB07006BDBBC /* Assets.xcassets in Resources */ = {isa = PBXBuildFile; fileRef = 18A97B54234DBB07006BDBBC /* Assets.xcassets */; };
		18A97B58234DBB07006BDBBC /* LaunchScreen.storyboard in Resources */ = {isa = PBXBuildFile; fileRef = 18A97B56234DBB07006BDBBC /* LaunchScreen.storyboard */; };
		18A97B5B234DBB07006BDBBC /* main.m in Sources */ = {isa = PBXBuildFile; fileRef = 18A97B5A234DBB07006BDBBC /* main.m */; };
		18A97B86234DBB6D006BDBBC /* YCAlertView.m in Sources */ = {isa = PBXBuildFile; fileRef = 18A97B6D234DBB6D006BDBBC /* YCAlertView.m */; };
		18A97B87234DBB6D006BDBBC /* BaseViewController.m in Sources */ = {isa = PBXBuildFile; fileRef = 18A97B72234DBB6D006BDBBC /* BaseViewController.m */; };
		18A97B88234DBB6D006BDBBC /* MBProgressHUD+PD.m in Sources */ = {isa = PBXBuildFile; fileRef = 18A97B75234DBB6D006BDBBC /* MBProgressHUD+PD.m */; };
		18A97B89234DBB6D006BDBBC /* Utils.m in Sources */ = {isa = PBXBuildFile; fileRef = 18A97B76234DBB6D006BDBBC /* Utils.m */; };
		18A97B8A234DBB6D006BDBBC /* SingletonModel.m in Sources */ = {isa = PBXBuildFile; fileRef = 18A97B78234DBB6D006BDBBC /* SingletonModel.m */; };
		18A97B8B234DBB6D006BDBBC /* UIColor+TT.m in Sources */ = {isa = PBXBuildFile; fileRef = 18A97B7A234DBB6D006BDBBC /* UIColor+TT.m */; };
		18A97B8C234DBB6D006BDBBC /* ZHightView.m in Sources */ = {isa = PBXBuildFile; fileRef = 18A97B7B234DBB6D006BDBBC /* ZHightView.m */; };
		18A97B94234DBB76006BDBBC /* MainCollectionViewCell.xib in Resources */ = {isa = PBXBuildFile; fileRef = 18A97B90234DBB76006BDBBC /* MainCollectionViewCell.xib */; };
		18A97B96234DBB76006BDBBC /* MainCollectionViewCell.m in Sources */ = {isa = PBXBuildFile; fileRef = 18A97B92234DBB76006BDBBC /* MainCollectionViewCell.m */; };
		18A97B99234DBB87006BDBBC /* InfoPlist.strings in Resources */ = {isa = PBXBuildFile; fileRef = 18A97B98234DBB87006BDBBC /* InfoPlist.strings */; };
		18A97BD1234DC356006BDBBC /* NSDictionary+NilSafe.m in Sources */ = {isa = PBXBuildFile; fileRef = 18A97BC1234DC356006BDBBC /* NSDictionary+NilSafe.m */; };
		18A97BD3234DC356006BDBBC /* NSString+StringUtil.m in Sources */ = {isa = PBXBuildFile; fileRef = 18A97BC7234DC356006BDBBC /* NSString+StringUtil.m */; };
		18A97BD6234DC356006BDBBC /* UIImage+Utils.m in Sources */ = {isa = PBXBuildFile; fileRef = 18A97BCC234DC356006BDBBC /* UIImage+Utils.m */; };
		18A97BDB234DC729006BDBBC /* StockTabbarController.m in Sources */ = {isa = PBXBuildFile; fileRef = 18A97BD9234DC729006BDBBC /* StockTabbarController.m */; };
		18BD061E23506CF400F89CA0 /* GPXQViewController.m in Sources */ = {isa = PBXBuildFile; fileRef = 18BD061D23506CF400F89CA0 /* GPXQViewController.m */; };
		18BD062123507E8B00F89CA0 /* TransactionRecordViewController.m in Sources */ = {isa = PBXBuildFile; fileRef = 18BD062023507E8B00F89CA0 /* TransactionRecordViewController.m */; };
		18BD062523507EBB00F89CA0 /* TransactionRecordTableViewCell.m in Sources */ = {isa = PBXBuildFile; fileRef = 18BD062323507EBB00F89CA0 /* TransactionRecordTableViewCell.m */; };
		18BD062623507EBB00F89CA0 /* TransactionRecordTableViewCell.xib in Resources */ = {isa = PBXBuildFile; fileRef = 18BD062423507EBB00F89CA0 /* TransactionRecordTableViewCell.xib */; };
		18BD0629235086CF00F89CA0 /* SearchViewController.m in Sources */ = {isa = PBXBuildFile; fileRef = 18BD0628235086CF00F89CA0 /* SearchViewController.m */; };
		18BD062D2350979A00F89CA0 /* MainTableViewCell.m in Sources */ = {isa = PBXBuildFile; fileRef = 18BD062B2350979A00F89CA0 /* MainTableViewCell.m */; };
		18BD062E2350979A00F89CA0 /* MainTableViewCell.xib in Resources */ = {isa = PBXBuildFile; fileRef = 18BD062C2350979A00F89CA0 /* MainTableViewCell.xib */; };
		18BD06312350A65F00F89CA0 /* ClassViewController.m in Sources */ = {isa = PBXBuildFile; fileRef = 18BD06302350A65F00F89CA0 /* ClassViewController.m */; };
		18BD06352350A8CE00F89CA0 /* ClassTableViewCell.m in Sources */ = {isa = PBXBuildFile; fileRef = 18BD06332350A8CE00F89CA0 /* ClassTableViewCell.m */; };
		18BD06362350A8CE00F89CA0 /* ClassTableViewCell.xib in Resources */ = {isa = PBXBuildFile; fileRef = 18BD06342350A8CE00F89CA0 /* ClassTableViewCell.xib */; };
		18BD06392350AB4500F89CA0 /* MessageViewController.m in Sources */ = {isa = PBXBuildFile; fileRef = 18BD06382350AB4500F89CA0 /* MessageViewController.m */; };
		18BD063C2350AC9100F89CA0 /* PlayViewController.m in Sources */ = {isa = PBXBuildFile; fileRef = 18BD063B2350AC9100F89CA0 /* PlayViewController.m */; };
		18BD067B2350B62900F89CA0 /* ZQPlayerImage.bundle in Resources */ = {isa = PBXBuildFile; fileRef = 18BD06742350B62900F89CA0 /* ZQPlayerImage.bundle */; };
		18BD067C2350B62900F89CA0 /* ZQPlayer.m in Sources */ = {isa = PBXBuildFile; fileRef = 18BD06782350B62900F89CA0 /* ZQPlayer.m */; };
		18BD067D2350B62900F89CA0 /* ZQPlayerLandSpaceViewController.m in Sources */ = {isa = PBXBuildFile; fileRef = 18BD06792350B62900F89CA0 /* ZQPlayerLandSpaceViewController.m */; };
		18BD067E2350B62900F89CA0 /* ZQPlayerMaskView.m in Sources */ = {isa = PBXBuildFile; fileRef = 18BD067A2350B62900F89CA0 /* ZQPlayerMaskView.m */; };
		18BD06812350C1B800F89CA0 /* InformationViewController.m in Sources */ = {isa = PBXBuildFile; fileRef = 18BD06802350C1B800F89CA0 /* InformationViewController.m */; };
		18BD06842350C21700F89CA0 /* NewsViewController.m in Sources */ = {isa = PBXBuildFile; fileRef = 18BD06832350C21700F89CA0 /* NewsViewController.m */; };
		18BD06872350C22600F89CA0 /* ImportViewController.m in Sources */ = {isa = PBXBuildFile; fileRef = 18BD06862350C22600F89CA0 /* ImportViewController.m */; };
		18BD068A2350C23500F89CA0 /* NewgpViewController.m in Sources */ = {isa = PBXBuildFile; fileRef = 18BD06892350C23500F89CA0 /* NewgpViewController.m */; };
		18BD068E2350C8CC00F89CA0 /* NewgpTableViewCell.m in Sources */ = {isa = PBXBuildFile; fileRef = 18BD068C2350C8CC00F89CA0 /* NewgpTableViewCell.m */; };
		18BD068F2350C8CC00F89CA0 /* NewgpTableViewCell.xib in Resources */ = {isa = PBXBuildFile; fileRef = 18BD068D2350C8CC00F89CA0 /* NewgpTableViewCell.xib */; };
		18CDB6BD23501F0C00E955D8 /* SystemTradTableViewCell.m in Sources */ = {isa = PBXBuildFile; fileRef = 18CDB6BB23501F0C00E955D8 /* SystemTradTableViewCell.m */; };
		18CDB6BE23501F0C00E955D8 /* SystemTradTableViewCell.xib in Resources */ = {isa = PBXBuildFile; fileRef = 18CDB6BC23501F0C00E955D8 /* SystemTradTableViewCell.xib */; };
		18CDB6C123502E7500E955D8 /* HQViewController.m in Sources */ = {isa = PBXBuildFile; fileRef = 18CDB6C023502E7500E955D8 /* HQViewController.m */; };
		18CDB6C423502E7F00E955D8 /* ZXViewController.m in Sources */ = {isa = PBXBuildFile; fileRef = 18CDB6C323502E7F00E955D8 /* ZXViewController.m */; };
		18CDB6CB235057A900E955D8 /* HQTableViewCell.m in Sources */ = {isa = PBXBuildFile; fileRef = 18CDB6C9235057A900E955D8 /* HQTableViewCell.m */; };
		18CDB6CC235057A900E955D8 /* HQTableViewCell.xib in Resources */ = {isa = PBXBuildFile; fileRef = 18CDB6CA235057A900E955D8 /* HQTableViewCell.xib */; };
		18CDB6D02350616100E955D8 /* ZXTableViewCell.m in Sources */ = {isa = PBXBuildFile; fileRef = 18CDB6CE2350616100E955D8 /* ZXTableViewCell.m */; };
		18CDB6D12350616100E955D8 /* ZXTableViewCell.xib in Resources */ = {isa = PBXBuildFile; fileRef = 18CDB6CF2350616100E955D8 /* ZXTableViewCell.xib */; };
		18CDB6D42350698F00E955D8 /* ZFPMViewController.m in Sources */ = {isa = PBXBuildFile; fileRef = 18CDB6D32350698F00E955D8 /* ZFPMViewController.m */; };
		6842915023517513009341A3 /* UserRequestServer.m in Sources */ = {isa = PBXBuildFile; fileRef = 6842914B23517512009341A3 /* UserRequestServer.m */; };
		6842915123517513009341A3 /* BaseRequestServer.m in Sources */ = {isa = PBXBuildFile; fileRef = 6842914D23517513009341A3 /* BaseRequestServer.m */; };
		6842915223517513009341A3 /* StockBaseRequestServer.m in Sources */ = {isa = PBXBuildFile; fileRef = 6842914E23517513009341A3 /* StockBaseRequestServer.m */; };
		6842915323517513009341A3 /* StockRequetServer.m in Sources */ = {isa = PBXBuildFile; fileRef = 6842914F23517513009341A3 /* StockRequetServer.m */; };
		6842915E23517596009341A3 /* CommonDao.m in Sources */ = {isa = PBXBuildFile; fileRef = 6842915623517595009341A3 /* CommonDao.m */; };
		6842915F23517596009341A3 /* BaseDao.m in Sources */ = {isa = PBXBuildFile; fileRef = 6842915723517595009341A3 /* BaseDao.m */; };
		6842916023517596009341A3 /* AccountDao.m in Sources */ = {isa = PBXBuildFile; fileRef = 6842915823517596009341A3 /* AccountDao.m */; };
		6842916123517596009341A3 /* RootDao.m in Sources */ = {isa = PBXBuildFile; fileRef = 6842915C23517596009341A3 /* RootDao.m */; };
		68429164235175A5009341A3 /* Account.m in Sources */ = {isa = PBXBuildFile; fileRef = 68429162235175A5009341A3 /* Account.m */; };
		6842916D235175BA009341A3 /* RequestResultVO.m in Sources */ = {isa = PBXBuildFile; fileRef = 68429165235175BA009341A3 /* RequestResultVO.m */; };
		6842916E235175BA009341A3 /* StockRequestResultVO.m in Sources */ = {isa = PBXBuildFile; fileRef = 68429166235175BA009341A3 /* StockRequestResultVO.m */; };
		6842916F235175BA009341A3 /* StockListResultVO.m in Sources */ = {isa = PBXBuildFile; fileRef = 6842916A235175BA009341A3 /* StockListResultVO.m */; };
		68429170235175BA009341A3 /* StockSingleResultVO.m in Sources */ = {isa = PBXBuildFile; fileRef = 6842916C235175BA009341A3 /* StockSingleResultVO.m */; };
		6842917823517813009341A3 /* IndexVO.m in Sources */ = {isa = PBXBuildFile; fileRef = 6842917623517812009341A3 /* IndexVO.m */; };
		6842917B2351785D009341A3 /* StockNewsModel.m in Sources */ = {isa = PBXBuildFile; fileRef = 6842917A2351785D009341A3 /* StockNewsModel.m */; };
		6842918023518569009341A3 /* CHBaseViewController.m in Sources */ = {isa = PBXBuildFile; fileRef = 6842917F23518569009341A3 /* CHBaseViewController.m */; };
		6842918D235185A7009341A3 /* UIView+Util.m in Sources */ = {isa = PBXBuildFile; fileRef = 68429182235185A6009341A3 /* UIView+Util.m */; };
		6842918E235185A7009341A3 /* UITapGestureRecognizer+Property.m in Sources */ = {isa = PBXBuildFile; fileRef = 68429183235185A6009341A3 /* UITapGestureRecognizer+Property.m */; };
		6842918F235185A7009341A3 /* UIColor+AppColor.m in Sources */ = {isa = PBXBuildFile; fileRef = 68429184235185A6009341A3 /* UIColor+AppColor.m */; };
		68429190235185A7009341A3 /* UITextView+ZWPlaceHolder.m in Sources */ = {isa = PBXBuildFile; fileRef = 68429185235185A6009341A3 /* UITextView+ZWPlaceHolder.m */; };
		68429191235185A7009341A3 /* UIImage+Additions.m in Sources */ = {isa = PBXBuildFile; fileRef = 68429188235185A7009341A3 /* UIImage+Additions.m */; };
		685DF1212351D1C500EA2C9B /* YKLineChartViewBase.m in Sources */ = {isa = PBXBuildFile; fileRef = 685DF1142351D1C500EA2C9B /* YKLineChartViewBase.m */; };
		685DF1222351D1C500EA2C9B /* YKLineDataSet.m in Sources */ = {isa = PBXBuildFile; fileRef = 685DF1152351D1C500EA2C9B /* YKLineDataSet.m */; };
		685DF1232351D1C500EA2C9B /* YKTimeLineView.m in Sources */ = {isa = PBXBuildFile; fileRef = 685DF1162351D1C500EA2C9B /* YKTimeLineView.m */; };
		685DF1242351D1C500EA2C9B /* YKViewBase.m in Sources */ = {isa = PBXBuildFile; fileRef = 685DF1172351D1C500EA2C9B /* YKViewBase.m */; };
		685DF1252351D1C500EA2C9B /* YKLineChartView.m in Sources */ = {isa = PBXBuildFile; fileRef = 685DF1182351D1C500EA2C9B /* YKLineChartView.m */; };
		685DF1262351D1C500EA2C9B /* YKLineEntity.m in Sources */ = {isa = PBXBuildFile; fileRef = 685DF11F2351D1C500EA2C9B /* YKLineEntity.m */; };
		685DF1282351D1CE00EA2C9B /* data2.plist in Resources */ = {isa = PBXBuildFile; fileRef = 685DF1272351D1CE00EA2C9B /* data2.plist */; };
		685DF3012351FD9100EA2C9B /* NormalStockVO.m in Sources */ = {isa = PBXBuildFile; fileRef = 685DF3002351FD9100EA2C9B /* NormalStockVO.m */; };
		E2FF3E7F19CE10E29FED0769 /* libPods-ChooseHelper.a in Frameworks */ = {isa = PBXBuildFile; fileRef = 61B45CCC1180C42F9FAD4D97 /* libPods-ChooseHelper.a */; };
/* End PBXBuildFile section */

/* Begin PBXFileReference section */
		186037092351B4DB00565B03 /* MBProgressHUD+Add.m */ = {isa = PBXFileReference; fileEncoding = 4; lastKnownFileType = sourcecode.c.objc; path = "MBProgressHUD+Add.m"; sourceTree = "<group>"; };
		1860370A2351B4DB00565B03 /* MBManager.m */ = {isa = PBXFileReference; fileEncoding = 4; lastKnownFileType = sourcecode.c.objc; path = MBManager.m; sourceTree = "<group>"; };
		1860370B2351B4DB00565B03 /* MBProgressHUD+Add.h */ = {isa = PBXFileReference; fileEncoding = 4; lastKnownFileType = sourcecode.c.h; path = "MBProgressHUD+Add.h"; sourceTree = "<group>"; };
		1860370C2351B4DB00565B03 /* MBManager.h */ = {isa = PBXFileReference; fileEncoding = 4; lastKnownFileType = sourcecode.c.h; path = MBManager.h; sourceTree = "<group>"; };
		186037112351B96B00565B03 /* KsModel.h */ = {isa = PBXFileReference; lastKnownFileType = sourcecode.c.h; path = KsModel.h; sourceTree = "<group>"; };
		186037122351B96B00565B03 /* KsModel.m */ = {isa = PBXFileReference; lastKnownFileType = sourcecode.c.objc; path = KsModel.m; sourceTree = "<group>"; };
		1860371B2351DA5E00565B03 /* jzsp2.json */ = {isa = PBXFileReference; fileEncoding = 4; lastKnownFileType = text.json; path = jzsp2.json; sourceTree = "<group>"; };
		1860371C2351DA5F00565B03 /* jzsp0.json */ = {isa = PBXFileReference; fileEncoding = 4; lastKnownFileType = text.json; path = jzsp0.json; sourceTree = "<group>"; };
		1860371D2351DA5F00565B03 /* jzsp1.json */ = {isa = PBXFileReference; fileEncoding = 4; lastKnownFileType = text.json; path = jzsp1.json; sourceTree = "<group>"; };
		1860371E2351DA5F00565B03 /* jzsp3.json */ = {isa = PBXFileReference; fileEncoding = 4; lastKnownFileType = text.json; path = jzsp3.json; sourceTree = "<group>"; };
		18709FDD234F2671006CD559 /* MainViewController.m */ = {isa = PBXFileReference; fileEncoding = 4; indentWidth = 3; lastKnownFileType = sourcecode.c.objc; path = MainViewController.m; sourceTree = "<group>"; };
		18709FDE234F2671006CD559 /* MainViewController.h */ = {isa = PBXFileReference; fileEncoding = 4; lastKnownFileType = sourcecode.c.h; path = MainViewController.h; sourceTree = "<group>"; };
		18709FE0234F2671006CD559 /* LoginViewController.m */ = {isa = PBXFileReference; fileEncoding = 4; lastKnownFileType = sourcecode.c.objc; path = LoginViewController.m; sourceTree = "<group>"; };
		18709FE1234F2671006CD559 /* SignViewController.m */ = {isa = PBXFileReference; fileEncoding = 4; lastKnownFileType = sourcecode.c.objc; path = SignViewController.m; sourceTree = "<group>"; };
		18709FE2234F2671006CD559 /* LoginViewController.h */ = {isa = PBXFileReference; fileEncoding = 4; lastKnownFileType = sourcecode.c.h; path = LoginViewController.h; sourceTree = "<group>"; };
		18709FE3234F2671006CD559 /* SignViewController.h */ = {isa = PBXFileReference; fileEncoding = 4; lastKnownFileType = sourcecode.c.h; path = SignViewController.h; sourceTree = "<group>"; };
		18709FE5234F2672006CD559 /* MarketViewController.m */ = {isa = PBXFileReference; fileEncoding = 4; lastKnownFileType = sourcecode.c.objc; path = MarketViewController.m; sourceTree = "<group>"; };
		18709FE6234F2672006CD559 /* MarketViewController.h */ = {isa = PBXFileReference; fileEncoding = 4; lastKnownFileType = sourcecode.c.h; path = MarketViewController.h; sourceTree = "<group>"; };
		18709FE8234F2672006CD559 /* MyViewController.h */ = {isa = PBXFileReference; fileEncoding = 4; lastKnownFileType = sourcecode.c.h; path = MyViewController.h; sourceTree = "<group>"; };
		18709FE9234F2672006CD559 /* MyViewController.m */ = {isa = PBXFileReference; fileEncoding = 4; lastKnownFileType = sourcecode.c.objc; path = MyViewController.m; sourceTree = "<group>"; };
		18709FF0234F2679006CD559 /* TrainViewController.h */ = {isa = PBXFileReference; fileEncoding = 4; lastKnownFileType = sourcecode.c.h; path = TrainViewController.h; sourceTree = "<group>"; };
		18709FF1234F2679006CD559 /* TrainViewController.m */ = {isa = PBXFileReference; fileEncoding = 4; lastKnownFileType = sourcecode.c.objc; path = TrainViewController.m; sourceTree = "<group>"; };
		18709FF3234F4CBF006CD559 /* ChangeNameViewController.h */ = {isa = PBXFileReference; lastKnownFileType = sourcecode.c.h; path = ChangeNameViewController.h; sourceTree = "<group>"; };
		18709FF4234F4CBF006CD559 /* ChangeNameViewController.m */ = {isa = PBXFileReference; lastKnownFileType = sourcecode.c.objc; path = ChangeNameViewController.m; sourceTree = "<group>"; };
		18709FF6234F4CD1006CD559 /* ChangesecretViewController.h */ = {isa = PBXFileReference; lastKnownFileType = sourcecode.c.h; path = ChangesecretViewController.h; sourceTree = "<group>"; };
		18709FF7234F4CD1006CD559 /* ChangesecretViewController.m */ = {isa = PBXFileReference; lastKnownFileType = sourcecode.c.objc; path = ChangesecretViewController.m; sourceTree = "<group>"; };
		18709FF9234F4CE7006CD559 /* AboutViewController.h */ = {isa = PBXFileReference; lastKnownFileType = sourcecode.c.h; path = AboutViewController.h; sourceTree = "<group>"; };
		18709FFA234F4CE7006CD559 /* AboutViewController.m */ = {isa = PBXFileReference; lastKnownFileType = sourcecode.c.objc; path = AboutViewController.m; sourceTree = "<group>"; };
		1870A002234F4D2B006CD559 /* VersionViewController.h */ = {isa = PBXFileReference; lastKnownFileType = sourcecode.c.h; path = VersionViewController.h; sourceTree = "<group>"; };
		1870A003234F4D2B006CD559 /* VersionViewController.m */ = {isa = PBXFileReference; lastKnownFileType = sourcecode.c.objc; path = VersionViewController.m; sourceTree = "<group>"; };
		1870A005234F54EE006CD559 /* CZViewController.h */ = {isa = PBXFileReference; lastKnownFileType = sourcecode.c.h; path = CZViewController.h; sourceTree = "<group>"; };
		1870A006234F54EE006CD559 /* CZViewController.m */ = {isa = PBXFileReference; lastKnownFileType = sourcecode.c.objc; path = CZViewController.m; sourceTree = "<group>"; };
		1870A008234F70C2006CD559 /* XLYTableViewCell.h */ = {isa = PBXFileReference; lastKnownFileType = sourcecode.c.h; path = XLYTableViewCell.h; sourceTree = "<group>"; };
		1870A009234F70C2006CD559 /* XLYTableViewCell.m */ = {isa = PBXFileReference; lastKnownFileType = sourcecode.c.objc; path = XLYTableViewCell.m; sourceTree = "<group>"; };
		1870A00A234F70C2006CD559 /* XLYTableViewCell.xib */ = {isa = PBXFileReference; lastKnownFileType = file.xib; path = XLYTableViewCell.xib; sourceTree = "<group>"; };
		1870A00D234F79C5006CD559 /* BuysellViewController.h */ = {isa = PBXFileReference; lastKnownFileType = sourcecode.c.h; path = BuysellViewController.h; sourceTree = "<group>"; };
		1870A00E234F79C5006CD559 /* BuysellViewController.m */ = {isa = PBXFileReference; indentWidth = 5; lastKnownFileType = sourcecode.c.objc; path = BuysellViewController.m; sourceTree = "<group>"; };
		18A97B45234DBB06006BDBBC /* 金牛配资.app */ = {isa = PBXFileReference; explicitFileType = wrapper.application; includeInIndex = 0; path = "金牛配资.app"; sourceTree = BUILT_PRODUCTS_DIR; };
		18A97B48234DBB06006BDBBC /* AppDelegate.h */ = {isa = PBXFileReference; lastKnownFileType = sourcecode.c.h; path = AppDelegate.h; sourceTree = "<group>"; };
		18A97B49234DBB06006BDBBC /* AppDelegate.m */ = {isa = PBXFileReference; lastKnownFileType = sourcecode.c.objc; path = AppDelegate.m; sourceTree = "<group>"; };
		18A97B54234DBB07006BDBBC /* Assets.xcassets */ = {isa = PBXFileReference; lastKnownFileType = folder.assetcatalog; path = Assets.xcassets; sourceTree = "<group>"; };
		18A97B57234DBB07006BDBBC /* Base */ = {isa = PBXFileReference; lastKnownFileType = file.storyboard; name = Base; path = Base.lproj/LaunchScreen.storyboard; sourceTree = "<group>"; };
		18A97B59234DBB07006BDBBC /* Info.plist */ = {isa = PBXFileReference; lastKnownFileType = text.plist.xml; path = Info.plist; sourceTree = "<group>"; };
		18A97B5A234DBB07006BDBBC /* main.m */ = {isa = PBXFileReference; lastKnownFileType = sourcecode.c.objc; path = main.m; sourceTree = "<group>"; };
		18A97B6D234DBB6D006BDBBC /* YCAlertView.m */ = {isa = PBXFileReference; fileEncoding = 4; lastKnownFileType = sourcecode.c.objc; path = YCAlertView.m; sourceTree = "<group>"; };
		18A97B6E234DBB6D006BDBBC /* Utils.h */ = {isa = PBXFileReference; fileEncoding = 4; lastKnownFileType = sourcecode.c.h; path = Utils.h; sourceTree = "<group>"; };
		18A97B6F234DBB6D006BDBBC /* MBProgressHUD+PD.h */ = {isa = PBXFileReference; fileEncoding = 4; lastKnownFileType = sourcecode.c.h; path = "MBProgressHUD+PD.h"; sourceTree = "<group>"; };
		18A97B70234DBB6D006BDBBC /* SingletonModel.h */ = {isa = PBXFileReference; fileEncoding = 4; lastKnownFileType = sourcecode.c.h; path = SingletonModel.h; sourceTree = "<group>"; };
		18A97B71234DBB6D006BDBBC /* UIColor+TT.h */ = {isa = PBXFileReference; fileEncoding = 4; lastKnownFileType = sourcecode.c.h; path = "UIColor+TT.h"; sourceTree = "<group>"; };
		18A97B72234DBB6D006BDBBC /* BaseViewController.m */ = {isa = PBXFileReference; fileEncoding = 4; lastKnownFileType = sourcecode.c.objc; path = BaseViewController.m; sourceTree = "<group>"; };
		18A97B73234DBB6D006BDBBC /* Constant.h */ = {isa = PBXFileReference; fileEncoding = 4; lastKnownFileType = sourcecode.c.h; path = Constant.h; sourceTree = "<group>"; };
		18A97B74234DBB6D006BDBBC /* ZHightView.h */ = {isa = PBXFileReference; fileEncoding = 4; lastKnownFileType = sourcecode.c.h; path = ZHightView.h; sourceTree = "<group>"; };
		18A97B75234DBB6D006BDBBC /* MBProgressHUD+PD.m */ = {isa = PBXFileReference; fileEncoding = 4; lastKnownFileType = sourcecode.c.objc; path = "MBProgressHUD+PD.m"; sourceTree = "<group>"; };
		18A97B76234DBB6D006BDBBC /* Utils.m */ = {isa = PBXFileReference; fileEncoding = 4; lastKnownFileType = sourcecode.c.objc; path = Utils.m; sourceTree = "<group>"; };
		18A97B77234DBB6D006BDBBC /* YCAlertView.h */ = {isa = PBXFileReference; fileEncoding = 4; lastKnownFileType = sourcecode.c.h; path = YCAlertView.h; sourceTree = "<group>"; };
		18A97B78234DBB6D006BDBBC /* SingletonModel.m */ = {isa = PBXFileReference; fileEncoding = 4; lastKnownFileType = sourcecode.c.objc; path = SingletonModel.m; sourceTree = "<group>"; };
		18A97B79234DBB6D006BDBBC /* BaseViewController.h */ = {isa = PBXFileReference; fileEncoding = 4; lastKnownFileType = sourcecode.c.h; path = BaseViewController.h; sourceTree = "<group>"; };
		18A97B7A234DBB6D006BDBBC /* UIColor+TT.m */ = {isa = PBXFileReference; fileEncoding = 4; lastKnownFileType = sourcecode.c.objc; path = "UIColor+TT.m"; sourceTree = "<group>"; };
		18A97B7B234DBB6D006BDBBC /* ZHightView.m */ = {isa = PBXFileReference; fileEncoding = 4; lastKnownFileType = sourcecode.c.objc; path = ZHightView.m; sourceTree = "<group>"; };
		18A97B8E234DBB76006BDBBC /* MainCollectionViewCell.h */ = {isa = PBXFileReference; fileEncoding = 4; lastKnownFileType = sourcecode.c.h; path = MainCollectionViewCell.h; sourceTree = "<group>"; };
		18A97B90234DBB76006BDBBC /* MainCollectionViewCell.xib */ = {isa = PBXFileReference; fileEncoding = 4; lastKnownFileType = file.xib; path = MainCollectionViewCell.xib; sourceTree = "<group>"; };
		18A97B92234DBB76006BDBBC /* MainCollectionViewCell.m */ = {isa = PBXFileReference; fileEncoding = 4; lastKnownFileType = sourcecode.c.objc; path = MainCollectionViewCell.m; sourceTree = "<group>"; };
		18A97B98234DBB87006BDBBC /* InfoPlist.strings */ = {isa = PBXFileReference; lastKnownFileType = text.plist.strings; path = InfoPlist.strings; sourceTree = "<group>"; };
		18A97B9A234DBB9E006BDBBC /* PrefixHeader.pch */ = {isa = PBXFileReference; lastKnownFileType = sourcecode.c.h; path = PrefixHeader.pch; sourceTree = "<group>"; };
		18A97BC0234DC356006BDBBC /* UIImage+Utils.h */ = {isa = PBXFileReference; fileEncoding = 4; lastKnownFileType = sourcecode.c.h; path = "UIImage+Utils.h"; sourceTree = "<group>"; };
		18A97BC1234DC356006BDBBC /* NSDictionary+NilSafe.m */ = {isa = PBXFileReference; fileEncoding = 4; lastKnownFileType = sourcecode.c.objc; path = "NSDictionary+NilSafe.m"; sourceTree = "<group>"; };
		18A97BC4234DC356006BDBBC /* Singleton.h */ = {isa = PBXFileReference; fileEncoding = 4; lastKnownFileType = sourcecode.c.h; path = Singleton.h; sourceTree = "<group>"; };
		18A97BC7234DC356006BDBBC /* NSString+StringUtil.m */ = {isa = PBXFileReference; fileEncoding = 4; lastKnownFileType = sourcecode.c.objc; path = "NSString+StringUtil.m"; sourceTree = "<group>"; };
		18A97BCB234DC356006BDBBC /* NSDictionary+NilSafe.h */ = {isa = PBXFileReference; fileEncoding = 4; lastKnownFileType = sourcecode.c.h; path = "NSDictionary+NilSafe.h"; sourceTree = "<group>"; };
		18A97BCC234DC356006BDBBC /* UIImage+Utils.m */ = {isa = PBXFileReference; fileEncoding = 4; lastKnownFileType = sourcecode.c.objc; path = "UIImage+Utils.m"; sourceTree = "<group>"; };
		18A97BCF234DC356006BDBBC /* NSString+StringUtil.h */ = {isa = PBXFileReference; fileEncoding = 4; lastKnownFileType = sourcecode.c.h; path = "NSString+StringUtil.h"; sourceTree = "<group>"; };
		18A97BD9234DC729006BDBBC /* StockTabbarController.m */ = {isa = PBXFileReference; fileEncoding = 4; lastKnownFileType = sourcecode.c.objc; path = StockTabbarController.m; sourceTree = "<group>"; };
		18A97BDA234DC729006BDBBC /* StockTabbarController.h */ = {isa = PBXFileReference; fileEncoding = 4; lastKnownFileType = sourcecode.c.h; path = StockTabbarController.h; sourceTree = "<group>"; };
		18BD061C23506CF400F89CA0 /* GPXQViewController.h */ = {isa = PBXFileReference; lastKnownFileType = sourcecode.c.h; path = GPXQViewController.h; sourceTree = "<group>"; };
		18BD061D23506CF400F89CA0 /* GPXQViewController.m */ = {isa = PBXFileReference; lastKnownFileType = sourcecode.c.objc; path = GPXQViewController.m; sourceTree = "<group>"; };
		18BD061F23507E8B00F89CA0 /* TransactionRecordViewController.h */ = {isa = PBXFileReference; lastKnownFileType = sourcecode.c.h; path = TransactionRecordViewController.h; sourceTree = "<group>"; };
		18BD062023507E8B00F89CA0 /* TransactionRecordViewController.m */ = {isa = PBXFileReference; lastKnownFileType = sourcecode.c.objc; path = TransactionRecordViewController.m; sourceTree = "<group>"; };
		18BD062223507EBB00F89CA0 /* TransactionRecordTableViewCell.h */ = {isa = PBXFileReference; lastKnownFileType = sourcecode.c.h; path = TransactionRecordTableViewCell.h; sourceTree = "<group>"; };
		18BD062323507EBB00F89CA0 /* TransactionRecordTableViewCell.m */ = {isa = PBXFileReference; lastKnownFileType = sourcecode.c.objc; path = TransactionRecordTableViewCell.m; sourceTree = "<group>"; };
		18BD062423507EBB00F89CA0 /* TransactionRecordTableViewCell.xib */ = {isa = PBXFileReference; lastKnownFileType = file.xib; path = TransactionRecordTableViewCell.xib; sourceTree = "<group>"; };
		18BD0627235086CF00F89CA0 /* SearchViewController.h */ = {isa = PBXFileReference; lastKnownFileType = sourcecode.c.h; path = SearchViewController.h; sourceTree = "<group>"; };
		18BD0628235086CF00F89CA0 /* SearchViewController.m */ = {isa = PBXFileReference; lastKnownFileType = sourcecode.c.objc; path = SearchViewController.m; sourceTree = "<group>"; };
		18BD062A2350979A00F89CA0 /* MainTableViewCell.h */ = {isa = PBXFileReference; lastKnownFileType = sourcecode.c.h; path = MainTableViewCell.h; sourceTree = "<group>"; };
		18BD062B2350979A00F89CA0 /* MainTableViewCell.m */ = {isa = PBXFileReference; lastKnownFileType = sourcecode.c.objc; path = MainTableViewCell.m; sourceTree = "<group>"; };
		18BD062C2350979A00F89CA0 /* MainTableViewCell.xib */ = {isa = PBXFileReference; lastKnownFileType = file.xib; path = MainTableViewCell.xib; sourceTree = "<group>"; };
		18BD062F2350A65F00F89CA0 /* ClassViewController.h */ = {isa = PBXFileReference; lastKnownFileType = sourcecode.c.h; path = ClassViewController.h; sourceTree = "<group>"; };
		18BD06302350A65F00F89CA0 /* ClassViewController.m */ = {isa = PBXFileReference; lastKnownFileType = sourcecode.c.objc; path = ClassViewController.m; sourceTree = "<group>"; };
		18BD06322350A8CE00F89CA0 /* ClassTableViewCell.h */ = {isa = PBXFileReference; lastKnownFileType = sourcecode.c.h; path = ClassTableViewCell.h; sourceTree = "<group>"; };
		18BD06332350A8CE00F89CA0 /* ClassTableViewCell.m */ = {isa = PBXFileReference; lastKnownFileType = sourcecode.c.objc; path = ClassTableViewCell.m; sourceTree = "<group>"; };
		18BD06342350A8CE00F89CA0 /* ClassTableViewCell.xib */ = {isa = PBXFileReference; lastKnownFileType = file.xib; path = ClassTableViewCell.xib; sourceTree = "<group>"; };
		18BD06372350AB4500F89CA0 /* MessageViewController.h */ = {isa = PBXFileReference; lastKnownFileType = sourcecode.c.h; path = MessageViewController.h; sourceTree = "<group>"; };
		18BD06382350AB4500F89CA0 /* MessageViewController.m */ = {isa = PBXFileReference; lastKnownFileType = sourcecode.c.objc; path = MessageViewController.m; sourceTree = "<group>"; };
		18BD063A2350AC9100F89CA0 /* PlayViewController.h */ = {isa = PBXFileReference; lastKnownFileType = sourcecode.c.h; path = PlayViewController.h; sourceTree = "<group>"; };
		18BD063B2350AC9100F89CA0 /* PlayViewController.m */ = {isa = PBXFileReference; lastKnownFileType = sourcecode.c.objc; path = PlayViewController.m; sourceTree = "<group>"; };
		18BD06742350B62900F89CA0 /* ZQPlayerImage.bundle */ = {isa = PBXFileReference; lastKnownFileType = "wrapper.plug-in"; path = ZQPlayerImage.bundle; sourceTree = "<group>"; };
		18BD06752350B62900F89CA0 /* ZQPlayer.h */ = {isa = PBXFileReference; fileEncoding = 4; lastKnownFileType = sourcecode.c.h; path = ZQPlayer.h; sourceTree = "<group>"; };
		18BD06762350B62900F89CA0 /* ZQPlayerLandSpaceViewController.h */ = {isa = PBXFileReference; fileEncoding = 4; lastKnownFileType = sourcecode.c.h; path = ZQPlayerLandSpaceViewController.h; sourceTree = "<group>"; };
		18BD06772350B62900F89CA0 /* ZQPlayerMaskView.h */ = {isa = PBXFileReference; fileEncoding = 4; lastKnownFileType = sourcecode.c.h; path = ZQPlayerMaskView.h; sourceTree = "<group>"; };
		18BD06782350B62900F89CA0 /* ZQPlayer.m */ = {isa = PBXFileReference; fileEncoding = 4; lastKnownFileType = sourcecode.c.objc; path = ZQPlayer.m; sourceTree = "<group>"; };
		18BD06792350B62900F89CA0 /* ZQPlayerLandSpaceViewController.m */ = {isa = PBXFileReference; fileEncoding = 4; lastKnownFileType = sourcecode.c.objc; path = ZQPlayerLandSpaceViewController.m; sourceTree = "<group>"; };
		18BD067A2350B62900F89CA0 /* ZQPlayerMaskView.m */ = {isa = PBXFileReference; fileEncoding = 4; lastKnownFileType = sourcecode.c.objc; path = ZQPlayerMaskView.m; sourceTree = "<group>"; };
		18BD067F2350C1B800F89CA0 /* InformationViewController.h */ = {isa = PBXFileReference; lastKnownFileType = sourcecode.c.h; path = InformationViewController.h; sourceTree = "<group>"; };
		18BD06802350C1B800F89CA0 /* InformationViewController.m */ = {isa = PBXFileReference; indentWidth = 3; lastKnownFileType = sourcecode.c.objc; path = InformationViewController.m; sourceTree = "<group>"; };
		18BD06822350C21700F89CA0 /* NewsViewController.h */ = {isa = PBXFileReference; lastKnownFileType = sourcecode.c.h; path = NewsViewController.h; sourceTree = "<group>"; };
		18BD06832350C21700F89CA0 /* NewsViewController.m */ = {isa = PBXFileReference; lastKnownFileType = sourcecode.c.objc; path = NewsViewController.m; sourceTree = "<group>"; };
		18BD06852350C22600F89CA0 /* ImportViewController.h */ = {isa = PBXFileReference; lastKnownFileType = sourcecode.c.h; path = ImportViewController.h; sourceTree = "<group>"; };
		18BD06862350C22600F89CA0 /* ImportViewController.m */ = {isa = PBXFileReference; lastKnownFileType = sourcecode.c.objc; path = ImportViewController.m; sourceTree = "<group>"; };
		18BD06882350C23500F89CA0 /* NewgpViewController.h */ = {isa = PBXFileReference; lastKnownFileType = sourcecode.c.h; path = NewgpViewController.h; sourceTree = "<group>"; };
		18BD06892350C23500F89CA0 /* NewgpViewController.m */ = {isa = PBXFileReference; lastKnownFileType = sourcecode.c.objc; path = NewgpViewController.m; sourceTree = "<group>"; };
		18BD068B2350C8CC00F89CA0 /* NewgpTableViewCell.h */ = {isa = PBXFileReference; lastKnownFileType = sourcecode.c.h; path = NewgpTableViewCell.h; sourceTree = "<group>"; };
		18BD068C2350C8CC00F89CA0 /* NewgpTableViewCell.m */ = {isa = PBXFileReference; lastKnownFileType = sourcecode.c.objc; path = NewgpTableViewCell.m; sourceTree = "<group>"; };
		18BD068D2350C8CC00F89CA0 /* NewgpTableViewCell.xib */ = {isa = PBXFileReference; lastKnownFileType = file.xib; path = NewgpTableViewCell.xib; sourceTree = "<group>"; };
		18CDB6BA23501F0C00E955D8 /* SystemTradTableViewCell.h */ = {isa = PBXFileReference; lastKnownFileType = sourcecode.c.h; path = SystemTradTableViewCell.h; sourceTree = "<group>"; };
		18CDB6BB23501F0C00E955D8 /* SystemTradTableViewCell.m */ = {isa = PBXFileReference; lastKnownFileType = sourcecode.c.objc; path = SystemTradTableViewCell.m; sourceTree = "<group>"; };
		18CDB6BC23501F0C00E955D8 /* SystemTradTableViewCell.xib */ = {isa = PBXFileReference; lastKnownFileType = file.xib; path = SystemTradTableViewCell.xib; sourceTree = "<group>"; };
		18CDB6BF23502E7500E955D8 /* HQViewController.h */ = {isa = PBXFileReference; lastKnownFileType = sourcecode.c.h; path = HQViewController.h; sourceTree = "<group>"; };
		18CDB6C023502E7500E955D8 /* HQViewController.m */ = {isa = PBXFileReference; lastKnownFileType = sourcecode.c.objc; path = HQViewController.m; sourceTree = "<group>"; };
		18CDB6C223502E7F00E955D8 /* ZXViewController.h */ = {isa = PBXFileReference; lastKnownFileType = sourcecode.c.h; path = ZXViewController.h; sourceTree = "<group>"; };
		18CDB6C323502E7F00E955D8 /* ZXViewController.m */ = {isa = PBXFileReference; lastKnownFileType = sourcecode.c.objc; path = ZXViewController.m; sourceTree = "<group>"; };
		18CDB6C8235057A900E955D8 /* HQTableViewCell.h */ = {isa = PBXFileReference; lastKnownFileType = sourcecode.c.h; path = HQTableViewCell.h; sourceTree = "<group>"; };
		18CDB6C9235057A900E955D8 /* HQTableViewCell.m */ = {isa = PBXFileReference; lastKnownFileType = sourcecode.c.objc; path = HQTableViewCell.m; sourceTree = "<group>"; };
		18CDB6CA235057A900E955D8 /* HQTableViewCell.xib */ = {isa = PBXFileReference; lastKnownFileType = file.xib; path = HQTableViewCell.xib; sourceTree = "<group>"; };
		18CDB6CD2350616100E955D8 /* ZXTableViewCell.h */ = {isa = PBXFileReference; lastKnownFileType = sourcecode.c.h; path = ZXTableViewCell.h; sourceTree = "<group>"; };
		18CDB6CE2350616100E955D8 /* ZXTableViewCell.m */ = {isa = PBXFileReference; lastKnownFileType = sourcecode.c.objc; path = ZXTableViewCell.m; sourceTree = "<group>"; };
		18CDB6CF2350616100E955D8 /* ZXTableViewCell.xib */ = {isa = PBXFileReference; lastKnownFileType = file.xib; path = ZXTableViewCell.xib; sourceTree = "<group>"; };
		18CDB6D22350698F00E955D8 /* ZFPMViewController.h */ = {isa = PBXFileReference; lastKnownFileType = sourcecode.c.h; path = ZFPMViewController.h; sourceTree = "<group>"; };
		18CDB6D32350698F00E955D8 /* ZFPMViewController.m */ = {isa = PBXFileReference; lastKnownFileType = sourcecode.c.objc; path = ZFPMViewController.m; sourceTree = "<group>"; };
		3365420ECB57F74C43A0DF36 /* Pods-ChooseHelper.debug.xcconfig */ = {isa = PBXFileReference; includeInIndex = 1; lastKnownFileType = text.xcconfig; name = "Pods-ChooseHelper.debug.xcconfig"; path = "Target Support Files/Pods-ChooseHelper/Pods-ChooseHelper.debug.xcconfig"; sourceTree = "<group>"; };
		61B45CCC1180C42F9FAD4D97 /* libPods-ChooseHelper.a */ = {isa = PBXFileReference; explicitFileType = archive.ar; includeInIndex = 0; path = "libPods-ChooseHelper.a"; sourceTree = BUILT_PRODUCTS_DIR; };
		6842914823517512009341A3 /* StockRequetServer.h */ = {isa = PBXFileReference; fileEncoding = 4; lastKnownFileType = sourcecode.c.h; path = StockRequetServer.h; sourceTree = "<group>"; };
		6842914923517512009341A3 /* StockBaseRequestServer.h */ = {isa = PBXFileReference; fileEncoding = 4; lastKnownFileType = sourcecode.c.h; path = StockBaseRequestServer.h; sourceTree = "<group>"; };
		6842914A23517512009341A3 /* UserRequestServer.h */ = {isa = PBXFileReference; fileEncoding = 4; lastKnownFileType = sourcecode.c.h; path = UserRequestServer.h; sourceTree = "<group>"; };
		6842914B23517512009341A3 /* UserRequestServer.m */ = {isa = PBXFileReference; fileEncoding = 4; lastKnownFileType = sourcecode.c.objc; path = UserRequestServer.m; sourceTree = "<group>"; };
		6842914C23517513009341A3 /* BaseRequestServer.h */ = {isa = PBXFileReference; fileEncoding = 4; lastKnownFileType = sourcecode.c.h; path = BaseRequestServer.h; sourceTree = "<group>"; };
		6842914D23517513009341A3 /* BaseRequestServer.m */ = {isa = PBXFileReference; fileEncoding = 4; lastKnownFileType = sourcecode.c.objc; path = BaseRequestServer.m; sourceTree = "<group>"; };
		6842914E23517513009341A3 /* StockBaseRequestServer.m */ = {isa = PBXFileReference; fileEncoding = 4; lastKnownFileType = sourcecode.c.objc; path = StockBaseRequestServer.m; sourceTree = "<group>"; };
		6842914F23517513009341A3 /* StockRequetServer.m */ = {isa = PBXFileReference; fileEncoding = 4; lastKnownFileType = sourcecode.c.objc; path = StockRequetServer.m; sourceTree = "<group>"; };
		6842915623517595009341A3 /* CommonDao.m */ = {isa = PBXFileReference; fileEncoding = 4; lastKnownFileType = sourcecode.c.objc; path = CommonDao.m; sourceTree = "<group>"; };
		6842915723517595009341A3 /* BaseDao.m */ = {isa = PBXFileReference; fileEncoding = 4; lastKnownFileType = sourcecode.c.objc; path = BaseDao.m; sourceTree = "<group>"; };
		6842915823517596009341A3 /* AccountDao.m */ = {isa = PBXFileReference; fileEncoding = 4; lastKnownFileType = sourcecode.c.objc; path = AccountDao.m; sourceTree = "<group>"; };
		6842915923517596009341A3 /* RootDao.h */ = {isa = PBXFileReference; fileEncoding = 4; lastKnownFileType = sourcecode.c.h; path = RootDao.h; sourceTree = "<group>"; };
		6842915A23517596009341A3 /* CommonDao.h */ = {isa = PBXFileReference; fileEncoding = 4; lastKnownFileType = sourcecode.c.h; path = CommonDao.h; sourceTree = "<group>"; };
		6842915B23517596009341A3 /* BaseDao.h */ = {isa = PBXFileReference; fileEncoding = 4; lastKnownFileType = sourcecode.c.h; path = BaseDao.h; sourceTree = "<group>"; };
		6842915C23517596009341A3 /* RootDao.m */ = {isa = PBXFileReference; fileEncoding = 4; lastKnownFileType = sourcecode.c.objc; path = RootDao.m; sourceTree = "<group>"; };
		6842915D23517596009341A3 /* AccountDao.h */ = {isa = PBXFileReference; fileEncoding = 4; lastKnownFileType = sourcecode.c.h; path = AccountDao.h; sourceTree = "<group>"; };
		68429162235175A5009341A3 /* Account.m */ = {isa = PBXFileReference; fileEncoding = 4; lastKnownFileType = sourcecode.c.objc; path = Account.m; sourceTree = "<group>"; };
		68429163235175A5009341A3 /* Account.h */ = {isa = PBXFileReference; fileEncoding = 4; lastKnownFileType = sourcecode.c.h; path = Account.h; sourceTree = "<group>"; };
		68429165235175BA009341A3 /* RequestResultVO.m */ = {isa = PBXFileReference; fileEncoding = 4; lastKnownFileType = sourcecode.c.objc; path = RequestResultVO.m; sourceTree = "<group>"; };
		68429166235175BA009341A3 /* StockRequestResultVO.m */ = {isa = PBXFileReference; fileEncoding = 4; lastKnownFileType = sourcecode.c.objc; path = StockRequestResultVO.m; sourceTree = "<group>"; };
		68429167235175BA009341A3 /* RequestResultVO.h */ = {isa = PBXFileReference; fileEncoding = 4; lastKnownFileType = sourcecode.c.h; path = RequestResultVO.h; sourceTree = "<group>"; };
		68429168235175BA009341A3 /* StockRequestResultVO.h */ = {isa = PBXFileReference; fileEncoding = 4; lastKnownFileType = sourcecode.c.h; path = StockRequestResultVO.h; sourceTree = "<group>"; };
		68429169235175BA009341A3 /* StockListResultVO.h */ = {isa = PBXFileReference; fileEncoding = 4; lastKnownFileType = sourcecode.c.h; path = StockListResultVO.h; sourceTree = "<group>"; };
		6842916A235175BA009341A3 /* StockListResultVO.m */ = {isa = PBXFileReference; fileEncoding = 4; lastKnownFileType = sourcecode.c.objc; path = StockListResultVO.m; sourceTree = "<group>"; };
		6842916B235175BA009341A3 /* StockSingleResultVO.h */ = {isa = PBXFileReference; fileEncoding = 4; lastKnownFileType = sourcecode.c.h; path = StockSingleResultVO.h; sourceTree = "<group>"; };
		6842916C235175BA009341A3 /* StockSingleResultVO.m */ = {isa = PBXFileReference; fileEncoding = 4; lastKnownFileType = sourcecode.c.objc; path = StockSingleResultVO.m; sourceTree = "<group>"; };
		68429175235177E4009341A3 /* AppMacro.h */ = {isa = PBXFileReference; lastKnownFileType = sourcecode.c.h; path = AppMacro.h; sourceTree = "<group>"; };
		6842917623517812009341A3 /* IndexVO.m */ = {isa = PBXFileReference; fileEncoding = 4; lastKnownFileType = sourcecode.c.objc; path = IndexVO.m; sourceTree = "<group>"; };
		6842917723517813009341A3 /* IndexVO.h */ = {isa = PBXFileReference; fileEncoding = 4; lastKnownFileType = sourcecode.c.h; path = IndexVO.h; sourceTree = "<group>"; };
		684291792351785D009341A3 /* StockNewsModel.h */ = {isa = PBXFileReference; fileEncoding = 4; lastKnownFileType = sourcecode.c.h; path = StockNewsModel.h; sourceTree = "<group>"; };
		6842917A2351785D009341A3 /* StockNewsModel.m */ = {isa = PBXFileReference; fileEncoding = 4; lastKnownFileType = sourcecode.c.objc; path = StockNewsModel.m; sourceTree = "<group>"; };
		6842917C2351787E009341A3 /* UrlConst.h */ = {isa = PBXFileReference; lastKnownFileType = sourcecode.c.h; path = UrlConst.h; sourceTree = "<group>"; };
		6842917E23518569009341A3 /* CHBaseViewController.h */ = {isa = PBXFileReference; fileEncoding = 4; lastKnownFileType = sourcecode.c.h; path = CHBaseViewController.h; sourceTree = "<group>"; };
		6842917F23518569009341A3 /* CHBaseViewController.m */ = {isa = PBXFileReference; fileEncoding = 4; lastKnownFileType = sourcecode.c.objc; path = CHBaseViewController.m; sourceTree = "<group>"; };
		68429181235185A5009341A3 /* UITapGestureRecognizer+Property.h */ = {isa = PBXFileReference; fileEncoding = 4; lastKnownFileType = sourcecode.c.h; path = "UITapGestureRecognizer+Property.h"; sourceTree = "<group>"; };
		68429182235185A6009341A3 /* UIView+Util.m */ = {isa = PBXFileReference; fileEncoding = 4; lastKnownFileType = sourcecode.c.objc; path = "UIView+Util.m"; sourceTree = "<group>"; };
		68429183235185A6009341A3 /* UITapGestureRecognizer+Property.m */ = {isa = PBXFileReference; fileEncoding = 4; lastKnownFileType = sourcecode.c.objc; path = "UITapGestureRecognizer+Property.m"; sourceTree = "<group>"; };
		68429184235185A6009341A3 /* UIColor+AppColor.m */ = {isa = PBXFileReference; fileEncoding = 4; lastKnownFileType = sourcecode.c.objc; path = "UIColor+AppColor.m"; sourceTree = "<group>"; };
		68429185235185A6009341A3 /* UITextView+ZWPlaceHolder.m */ = {isa = PBXFileReference; fileEncoding = 4; lastKnownFileType = sourcecode.c.objc; path = "UITextView+ZWPlaceHolder.m"; sourceTree = "<group>"; };
		68429186235185A6009341A3 /* UIImage+Additions.h */ = {isa = PBXFileReference; fileEncoding = 4; lastKnownFileType = sourcecode.c.h; path = "UIImage+Additions.h"; sourceTree = "<group>"; };
		68429187235185A7009341A3 /* UIColor+AppColor.h */ = {isa = PBXFileReference; fileEncoding = 4; lastKnownFileType = sourcecode.c.h; path = "UIColor+AppColor.h"; sourceTree = "<group>"; };
		68429188235185A7009341A3 /* UIImage+Additions.m */ = {isa = PBXFileReference; fileEncoding = 4; lastKnownFileType = sourcecode.c.objc; path = "UIImage+Additions.m"; sourceTree = "<group>"; };
		6842918A235185A7009341A3 /* UITextView+ZWPlaceHolder.h */ = {isa = PBXFileReference; fileEncoding = 4; lastKnownFileType = sourcecode.c.h; path = "UITextView+ZWPlaceHolder.h"; sourceTree = "<group>"; };
		6842918B235185A7009341A3 /* UIView+Util.h */ = {isa = PBXFileReference; fileEncoding = 4; lastKnownFileType = sourcecode.c.h; path = "UIView+Util.h"; sourceTree = "<group>"; };
		685DF1142351D1C500EA2C9B /* YKLineChartViewBase.m */ = {isa = PBXFileReference; fileEncoding = 4; lastKnownFileType = sourcecode.c.objc; path = YKLineChartViewBase.m; sourceTree = "<group>"; };
		685DF1152351D1C500EA2C9B /* YKLineDataSet.m */ = {isa = PBXFileReference; fileEncoding = 4; lastKnownFileType = sourcecode.c.objc; path = YKLineDataSet.m; sourceTree = "<group>"; };
		685DF1162351D1C500EA2C9B /* YKTimeLineView.m */ = {isa = PBXFileReference; fileEncoding = 4; lastKnownFileType = sourcecode.c.objc; path = YKTimeLineView.m; sourceTree = "<group>"; };
		685DF1172351D1C500EA2C9B /* YKViewBase.m */ = {isa = PBXFileReference; fileEncoding = 4; lastKnownFileType = sourcecode.c.objc; path = YKViewBase.m; sourceTree = "<group>"; };
		685DF1182351D1C500EA2C9B /* YKLineChartView.m */ = {isa = PBXFileReference; fileEncoding = 4; lastKnownFileType = sourcecode.c.objc; path = YKLineChartView.m; sourceTree = "<group>"; };
		685DF1192351D1C500EA2C9B /* YKLineEntity.h */ = {isa = PBXFileReference; fileEncoding = 4; lastKnownFileType = sourcecode.c.h; path = YKLineEntity.h; sourceTree = "<group>"; };
		685DF11A2351D1C500EA2C9B /* YKTimeLineView.h */ = {isa = PBXFileReference; fileEncoding = 4; lastKnownFileType = sourcecode.c.h; path = YKTimeLineView.h; sourceTree = "<group>"; };
		685DF11B2351D1C500EA2C9B /* YKLineDataSet.h */ = {isa = PBXFileReference; fileEncoding = 4; lastKnownFileType = sourcecode.c.h; path = YKLineDataSet.h; sourceTree = "<group>"; };
		685DF11C2351D1C500EA2C9B /* YKLineChartViewBase.h */ = {isa = PBXFileReference; fileEncoding = 4; lastKnownFileType = sourcecode.c.h; path = YKLineChartViewBase.h; sourceTree = "<group>"; };
		685DF11D2351D1C500EA2C9B /* YKViewBase.h */ = {isa = PBXFileReference; fileEncoding = 4; lastKnownFileType = sourcecode.c.h; path = YKViewBase.h; sourceTree = "<group>"; };
		685DF11E2351D1C500EA2C9B /* YKLineChart.h */ = {isa = PBXFileReference; fileEncoding = 4; lastKnownFileType = sourcecode.c.h; path = YKLineChart.h; sourceTree = "<group>"; };
		685DF11F2351D1C500EA2C9B /* YKLineEntity.m */ = {isa = PBXFileReference; fileEncoding = 4; lastKnownFileType = sourcecode.c.objc; path = YKLineEntity.m; sourceTree = "<group>"; };
		685DF1202351D1C500EA2C9B /* YKLineChartView.h */ = {isa = PBXFileReference; fileEncoding = 4; lastKnownFileType = sourcecode.c.h; path = YKLineChartView.h; sourceTree = "<group>"; };
		685DF1272351D1CE00EA2C9B /* data2.plist */ = {isa = PBXFileReference; fileEncoding = 4; lastKnownFileType = text.plist.xml; path = data2.plist; sourceTree = "<group>"; };
		685DF2FF2351FD9100EA2C9B /* NormalStockVO.h */ = {isa = PBXFileReference; lastKnownFileType = sourcecode.c.h; path = NormalStockVO.h; sourceTree = "<group>"; };
		685DF3002351FD9100EA2C9B /* NormalStockVO.m */ = {isa = PBXFileReference; lastKnownFileType = sourcecode.c.objc; path = NormalStockVO.m; sourceTree = "<group>"; };
		93E20321FA901A21388A6E34 /* Pods-ChooseHelper.release.xcconfig */ = {isa = PBXFileReference; includeInIndex = 1; lastKnownFileType = text.xcconfig; name = "Pods-ChooseHelper.release.xcconfig"; path = "Target Support Files/Pods-ChooseHelper/Pods-ChooseHelper.release.xcconfig"; sourceTree = "<group>"; };
/* End PBXFileReference section */

/* Begin PBXFrameworksBuildPhase section */
		18A97B42234DBB06006BDBBC /* Frameworks */ = {
			isa = PBXFrameworksBuildPhase;
			buildActionMask = 2147483647;
			files = (
				E2FF3E7F19CE10E29FED0769 /* libPods-ChooseHelper.a in Frameworks */,
			);
			runOnlyForDeploymentPostprocessing = 0;
		};
/* End PBXFrameworksBuildPhase section */

/* Begin PBXGroup section */
		186037082351B4DB00565B03 /* MBProgressHUD */ = {
			isa = PBXGroup;
			children = (
				1860370C2351B4DB00565B03 /* MBManager.h */,
				1860370A2351B4DB00565B03 /* MBManager.m */,
				186037092351B4DB00565B03 /* MBProgressHUD+Add.m */,
				1860370B2351B4DB00565B03 /* MBProgressHUD+Add.h */,
			);
			path = MBProgressHUD;
			sourceTree = "<group>";
		};
		18709FDC234F2671006CD559 /* main */ = {
			isa = PBXGroup;
			children = (
				18709FDE234F2671006CD559 /* MainViewController.h */,
				18709FDD234F2671006CD559 /* MainViewController.m */,
				18BD062F2350A65F00F89CA0 /* ClassViewController.h */,
				18BD06302350A65F00F89CA0 /* ClassViewController.m */,
				18BD063A2350AC9100F89CA0 /* PlayViewController.h */,
				18BD063B2350AC9100F89CA0 /* PlayViewController.m */,
				18BD067F2350C1B800F89CA0 /* InformationViewController.h */,
				18BD06802350C1B800F89CA0 /* InformationViewController.m */,
				18BD06822350C21700F89CA0 /* NewsViewController.h */,
				18BD06832350C21700F89CA0 /* NewsViewController.m */,
				18BD06852350C22600F89CA0 /* ImportViewController.h */,
				18BD06862350C22600F89CA0 /* ImportViewController.m */,
				18BD06882350C23500F89CA0 /* NewgpViewController.h */,
				18BD06892350C23500F89CA0 /* NewgpViewController.m */,
				18BD06372350AB4500F89CA0 /* MessageViewController.h */,
				18BD06382350AB4500F89CA0 /* MessageViewController.m */,
			);
			path = main;
			sourceTree = "<group>";
		};
		18709FDF234F2671006CD559 /* login */ = {
			isa = PBXGroup;
			children = (
				18709FE2234F2671006CD559 /* LoginViewController.h */,
				18709FE0234F2671006CD559 /* LoginViewController.m */,
				18709FE3234F2671006CD559 /* SignViewController.h */,
				18709FE1234F2671006CD559 /* SignViewController.m */,
			);
			path = login;
			sourceTree = "<group>";
		};
		18709FE4234F2672006CD559 /* market */ = {
			isa = PBXGroup;
			children = (
				18709FE6234F2672006CD559 /* MarketViewController.h */,
				18709FE5234F2672006CD559 /* MarketViewController.m */,
				18CDB6BF23502E7500E955D8 /* HQViewController.h */,
				18CDB6C023502E7500E955D8 /* HQViewController.m */,
				18CDB6C223502E7F00E955D8 /* ZXViewController.h */,
				18CDB6C323502E7F00E955D8 /* ZXViewController.m */,
				18CDB6D22350698F00E955D8 /* ZFPMViewController.h */,
				18CDB6D32350698F00E955D8 /* ZFPMViewController.m */,
				18BD061C23506CF400F89CA0 /* GPXQViewController.h */,
				18BD061D23506CF400F89CA0 /* GPXQViewController.m */,
				18BD0627235086CF00F89CA0 /* SearchViewController.h */,
				18BD0628235086CF00F89CA0 /* SearchViewController.m */,
			);
			path = market;
			sourceTree = "<group>";
		};
		18709FE7234F2672006CD559 /* my */ = {
			isa = PBXGroup;
			children = (
				18709FE8234F2672006CD559 /* MyViewController.h */,
				18709FE9234F2672006CD559 /* MyViewController.m */,
				18709FF3234F4CBF006CD559 /* ChangeNameViewController.h */,
				18709FF4234F4CBF006CD559 /* ChangeNameViewController.m */,
				18709FF6234F4CD1006CD559 /* ChangesecretViewController.h */,
				18709FF7234F4CD1006CD559 /* ChangesecretViewController.m */,
				18709FF9234F4CE7006CD559 /* AboutViewController.h */,
				18709FFA234F4CE7006CD559 /* AboutViewController.m */,
				1870A002234F4D2B006CD559 /* VersionViewController.h */,
				1870A003234F4D2B006CD559 /* VersionViewController.m */,
				1870A005234F54EE006CD559 /* CZViewController.h */,
				1870A006234F54EE006CD559 /* CZViewController.m */,
			);
			path = my;
			sourceTree = "<group>";
		};
		18709FEF234F2679006CD559 /* train */ = {
			isa = PBXGroup;
			children = (
				18709FF0234F2679006CD559 /* TrainViewController.h */,
				18709FF1234F2679006CD559 /* TrainViewController.m */,
				1870A00D234F79C5006CD559 /* BuysellViewController.h */,
				1870A00E234F79C5006CD559 /* BuysellViewController.m */,
				18BD061F23507E8B00F89CA0 /* TransactionRecordViewController.h */,
				18BD062023507E8B00F89CA0 /* TransactionRecordViewController.m */,
			);
			path = train;
			sourceTree = "<group>";
		};
		18A97B3C234DBB06006BDBBC = {
			isa = PBXGroup;
			children = (
				18A97B47234DBB06006BDBBC /* ChooseHelper */,
				18A97B46234DBB06006BDBBC /* Products */,
				FBED688F0463C357A53479AB /* Pods */,
				4600E0D7AF1FE08D101AEADA /* Frameworks */,
			);
			sourceTree = "<group>";
		};
		18A97B46234DBB06006BDBBC /* Products */ = {
			isa = PBXGroup;
			children = (
				18A97B45234DBB06006BDBBC /* 金牛配资.app */,
			);
			name = Products;
			sourceTree = "<group>";
		};
		18A97B47234DBB06006BDBBC /* ChooseHelper */ = {
			isa = PBXGroup;
			children = (
				685DF1122351D1BB00EA2C9B /* KLine */,
				18A97B48234DBB06006BDBBC /* AppDelegate.h */,
				18A97B49234DBB06006BDBBC /* AppDelegate.m */,
				18A97B54234DBB07006BDBBC /* Assets.xcassets */,
				18A97B59234DBB07006BDBBC /* Info.plist */,
				18A97B98234DBB87006BDBBC /* InfoPlist.strings */,
				18A97B56234DBB07006BDBBC /* LaunchScreen.storyboard */,
				18A97B5A234DBB07006BDBBC /* main.m */,
				18A97B9A234DBB9E006BDBBC /* PrefixHeader.pch */,
				6842917123517634009341A3 /* Category */,
				684291722351767D009341A3 /* Const */,
				18A97BD8234DC729006BDBBC /* controller */,
				68429139235172BA009341A3 /* DataBase */,
				68429174235177C6009341A3 /* Macro */,
				18A97B6C234DBB6D006BDBBC /* normal */,
				6842913823517242009341A3 /* ReqServer */,
				6842917323517687009341A3 /* Utils */,
				18A97B8D234DBB76006BDBBC /* view */,
				186037082351B4DB00565B03 /* MBProgressHUD */,
			);
			path = ChooseHelper;
			sourceTree = "<group>";
		};
		18A97B6C234DBB6D006BDBBC /* normal */ = {
			isa = PBXGroup;
			children = (
				18BD06732350B62900F89CA0 /* ZQPlayer */,
				18A97B71234DBB6D006BDBBC /* UIColor+TT.h */,
				18A97B7A234DBB6D006BDBBC /* UIColor+TT.m */,
				18A97B72234DBB6D006BDBBC /* BaseViewController.m */,
				18A97B79234DBB6D006BDBBC /* BaseViewController.h */,
				18A97B73234DBB6D006BDBBC /* Constant.h */,
				18A97B75234DBB6D006BDBBC /* MBProgressHUD+PD.m */,
				18A97B6F234DBB6D006BDBBC /* MBProgressHUD+PD.h */,
				18A97B6E234DBB6D006BDBBC /* Utils.h */,
				18A97B76234DBB6D006BDBBC /* Utils.m */,
				18A97B77234DBB6D006BDBBC /* YCAlertView.h */,
				18A97B6D234DBB6D006BDBBC /* YCAlertView.m */,
				18A97B78234DBB6D006BDBBC /* SingletonModel.m */,
				18A97B70234DBB6D006BDBBC /* SingletonModel.h */,
				18A97B7B234DBB6D006BDBBC /* ZHightView.m */,
				18A97B74234DBB6D006BDBBC /* ZHightView.h */,
			);
			path = normal;
			sourceTree = "<group>";
		};
		18A97B8D234DBB76006BDBBC /* view */ = {
			isa = PBXGroup;
			children = (
				18A97B8E234DBB76006BDBBC /* MainCollectionViewCell.h */,
				18A97B92234DBB76006BDBBC /* MainCollectionViewCell.m */,
				18A97B90234DBB76006BDBBC /* MainCollectionViewCell.xib */,
				1870A008234F70C2006CD559 /* XLYTableViewCell.h */,
				1870A009234F70C2006CD559 /* XLYTableViewCell.m */,
				1870A00A234F70C2006CD559 /* XLYTableViewCell.xib */,
				18CDB6BA23501F0C00E955D8 /* SystemTradTableViewCell.h */,
				18CDB6BB23501F0C00E955D8 /* SystemTradTableViewCell.m */,
				18CDB6BC23501F0C00E955D8 /* SystemTradTableViewCell.xib */,
				18BD062223507EBB00F89CA0 /* TransactionRecordTableViewCell.h */,
				18BD062323507EBB00F89CA0 /* TransactionRecordTableViewCell.m */,
				18BD062423507EBB00F89CA0 /* TransactionRecordTableViewCell.xib */,
				18CDB6C8235057A900E955D8 /* HQTableViewCell.h */,
				18CDB6C9235057A900E955D8 /* HQTableViewCell.m */,
				18CDB6CA235057A900E955D8 /* HQTableViewCell.xib */,
				18CDB6CD2350616100E955D8 /* ZXTableViewCell.h */,
				18CDB6CE2350616100E955D8 /* ZXTableViewCell.m */,
				18CDB6CF2350616100E955D8 /* ZXTableViewCell.xib */,
				18BD062A2350979A00F89CA0 /* MainTableViewCell.h */,
				18BD062B2350979A00F89CA0 /* MainTableViewCell.m */,
				18BD062C2350979A00F89CA0 /* MainTableViewCell.xib */,
				18BD06322350A8CE00F89CA0 /* ClassTableViewCell.h */,
				18BD06332350A8CE00F89CA0 /* ClassTableViewCell.m */,
				18BD06342350A8CE00F89CA0 /* ClassTableViewCell.xib */,
				18BD068B2350C8CC00F89CA0 /* NewgpTableViewCell.h */,
				18BD068C2350C8CC00F89CA0 /* NewgpTableViewCell.m */,
				18BD068D2350C8CC00F89CA0 /* NewgpTableViewCell.xib */,
			);
			path = view;
			sourceTree = "<group>";
		};
		18A97BD8234DC729006BDBBC /* controller */ = {
			isa = PBXGroup;
			children = (
				6842917D23518560009341A3 /* BaseVC */,
				18709FDC234F2671006CD559 /* main */,
				18709FE4234F2672006CD559 /* market */,
				18709FEF234F2679006CD559 /* train */,
				18709FE7234F2672006CD559 /* my */,
				18A97BDA234DC729006BDBBC /* StockTabbarController.h */,
				18A97BD9234DC729006BDBBC /* StockTabbarController.m */,
				18709FDF234F2671006CD559 /* login */,
			);
			path = controller;
			sourceTree = "<group>";
		};
		18BD06732350B62900F89CA0 /* ZQPlayer */ = {
			isa = PBXGroup;
			children = (
				18BD06742350B62900F89CA0 /* ZQPlayerImage.bundle */,
				18BD06752350B62900F89CA0 /* ZQPlayer.h */,
				18BD06762350B62900F89CA0 /* ZQPlayerLandSpaceViewController.h */,
				18BD06772350B62900F89CA0 /* ZQPlayerMaskView.h */,
				18BD06782350B62900F89CA0 /* ZQPlayer.m */,
				18BD06792350B62900F89CA0 /* ZQPlayerLandSpaceViewController.m */,
				18BD067A2350B62900F89CA0 /* ZQPlayerMaskView.m */,
			);
			path = ZQPlayer;
			sourceTree = "<group>";
		};
		4600E0D7AF1FE08D101AEADA /* Frameworks */ = {
			isa = PBXGroup;
			children = (
				61B45CCC1180C42F9FAD4D97 /* libPods-ChooseHelper.a */,
			);
			name = Frameworks;
			sourceTree = "<group>";
		};
		6842913823517242009341A3 /* ReqServer */ = {
			isa = PBXGroup;
			children = (
				6842913B235174E0009341A3 /* Req */,
				6842913A235172CA009341A3 /* VO */,
			);
			path = ReqServer;
			sourceTree = "<group>";
		};
		68429139235172BA009341A3 /* DataBase */ = {
			isa = PBXGroup;
			children = (
				1860371C2351DA5F00565B03 /* jzsp0.json */,
				1860371D2351DA5F00565B03 /* jzsp1.json */,
				1860371B2351DA5E00565B03 /* jzsp2.json */,
				1860371E2351DA5F00565B03 /* jzsp3.json */,
				186037112351B96B00565B03 /* KsModel.h */,
				186037122351B96B00565B03 /* KsModel.m */,
				6842915523517581009341A3 /* Dao */,
				6842915423517579009341A3 /* Bean */,
			);
			path = DataBase;
			sourceTree = "<group>";
		};
		6842913A235172CA009341A3 /* VO */ = {
			isa = PBXGroup;
			children = (
				684291792351785D009341A3 /* StockNewsModel.h */,
				6842917A2351785D009341A3 /* StockNewsModel.m */,
				6842917723517813009341A3 /* IndexVO.h */,
				6842917623517812009341A3 /* IndexVO.m */,
				68429167235175BA009341A3 /* RequestResultVO.h */,
				68429165235175BA009341A3 /* RequestResultVO.m */,
				68429169235175BA009341A3 /* StockListResultVO.h */,
				6842916A235175BA009341A3 /* StockListResultVO.m */,
				68429168235175BA009341A3 /* StockRequestResultVO.h */,
				68429166235175BA009341A3 /* StockRequestResultVO.m */,
				6842916B235175BA009341A3 /* StockSingleResultVO.h */,
				6842916C235175BA009341A3 /* StockSingleResultVO.m */,
				685DF2FF2351FD9100EA2C9B /* NormalStockVO.h */,
				685DF3002351FD9100EA2C9B /* NormalStockVO.m */,
			);
			path = VO;
			sourceTree = "<group>";
		};
		6842913B235174E0009341A3 /* Req */ = {
			isa = PBXGroup;
			children = (
				6842914C23517513009341A3 /* BaseRequestServer.h */,
				6842914D23517513009341A3 /* BaseRequestServer.m */,
				6842914923517512009341A3 /* StockBaseRequestServer.h */,
				6842914E23517513009341A3 /* StockBaseRequestServer.m */,
				6842914823517512009341A3 /* StockRequetServer.h */,
				6842914F23517513009341A3 /* StockRequetServer.m */,
				6842914A23517512009341A3 /* UserRequestServer.h */,
				6842914B23517512009341A3 /* UserRequestServer.m */,
			);
			path = Req;
			sourceTree = "<group>";
		};
		6842915423517579009341A3 /* Bean */ = {
			isa = PBXGroup;
			children = (
				68429163235175A5009341A3 /* Account.h */,
				68429162235175A5009341A3 /* Account.m */,
			);
			path = Bean;
			sourceTree = "<group>";
		};
		6842915523517581009341A3 /* Dao */ = {
			isa = PBXGroup;
			children = (
				6842915D23517596009341A3 /* AccountDao.h */,
				6842915823517596009341A3 /* AccountDao.m */,
				6842915B23517596009341A3 /* BaseDao.h */,
				6842915723517595009341A3 /* BaseDao.m */,
				6842915A23517596009341A3 /* CommonDao.h */,
				6842915623517595009341A3 /* CommonDao.m */,
				6842915923517596009341A3 /* RootDao.h */,
				6842915C23517596009341A3 /* RootDao.m */,
			);
			path = Dao;
			sourceTree = "<group>";
		};
		6842917123517634009341A3 /* Category */ = {
			isa = PBXGroup;
			children = (
				18A97BCB234DC356006BDBBC /* NSDictionary+NilSafe.h */,
				18A97BC1234DC356006BDBBC /* NSDictionary+NilSafe.m */,
				18A97BCF234DC356006BDBBC /* NSString+StringUtil.h */,
				18A97BC7234DC356006BDBBC /* NSString+StringUtil.m */,
				68429187235185A7009341A3 /* UIColor+AppColor.h */,
				68429184235185A6009341A3 /* UIColor+AppColor.m */,
				68429186235185A6009341A3 /* UIImage+Additions.h */,
				68429188235185A7009341A3 /* UIImage+Additions.m */,
				18A97BC0234DC356006BDBBC /* UIImage+Utils.h */,
				18A97BCC234DC356006BDBBC /* UIImage+Utils.m */,
				68429181235185A5009341A3 /* UITapGestureRecognizer+Property.h */,
				68429183235185A6009341A3 /* UITapGestureRecognizer+Property.m */,
				6842918A235185A7009341A3 /* UITextView+ZWPlaceHolder.h */,
				68429185235185A6009341A3 /* UITextView+ZWPlaceHolder.m */,
				6842918B235185A7009341A3 /* UIView+Util.h */,
				68429182235185A6009341A3 /* UIView+Util.m */,
			);
			path = Category;
			sourceTree = "<group>";
		};
		684291722351767D009341A3 /* Const */ = {
			isa = PBXGroup;
			children = (
				6842917C2351787E009341A3 /* UrlConst.h */,
			);
			path = Const;
			sourceTree = "<group>";
		};
		6842917323517687009341A3 /* Utils */ = {
			isa = PBXGroup;
			children = (
				18A97BC4234DC356006BDBBC /* Singleton.h */,
			);
			path = Utils;
			sourceTree = "<group>";
		};
		68429174235177C6009341A3 /* Macro */ = {
			isa = PBXGroup;
			children = (
				68429175235177E4009341A3 /* AppMacro.h */,
			);
			path = Macro;
			sourceTree = "<group>";
		};
		6842917D23518560009341A3 /* BaseVC */ = {
			isa = PBXGroup;
			children = (
				6842917E23518569009341A3 /* CHBaseViewController.h */,
				6842917F23518569009341A3 /* CHBaseViewController.m */,
			);
			path = BaseVC;
			sourceTree = "<group>";
		};
		685DF1122351D1BB00EA2C9B /* KLine */ = {
			isa = PBXGroup;
			children = (
				685DF1132351D1C500EA2C9B /* YKLineChartView */,
			);
			path = KLine;
			sourceTree = "<group>";
		};
		685DF1132351D1C500EA2C9B /* YKLineChartView */ = {
			isa = PBXGroup;
			children = (
				685DF1272351D1CE00EA2C9B /* data2.plist */,
				685DF1142351D1C500EA2C9B /* YKLineChartViewBase.m */,
				685DF1152351D1C500EA2C9B /* YKLineDataSet.m */,
				685DF1162351D1C500EA2C9B /* YKTimeLineView.m */,
				685DF1172351D1C500EA2C9B /* YKViewBase.m */,
				685DF1182351D1C500EA2C9B /* YKLineChartView.m */,
				685DF1192351D1C500EA2C9B /* YKLineEntity.h */,
				685DF11A2351D1C500EA2C9B /* YKTimeLineView.h */,
				685DF11B2351D1C500EA2C9B /* YKLineDataSet.h */,
				685DF11C2351D1C500EA2C9B /* YKLineChartViewBase.h */,
				685DF11D2351D1C500EA2C9B /* YKViewBase.h */,
				685DF11E2351D1C500EA2C9B /* YKLineChart.h */,
				685DF11F2351D1C500EA2C9B /* YKLineEntity.m */,
				685DF1202351D1C500EA2C9B /* YKLineChartView.h */,
			);
			path = YKLineChartView;
			sourceTree = "<group>";
		};
		FBED688F0463C357A53479AB /* Pods */ = {
			isa = PBXGroup;
			children = (
				3365420ECB57F74C43A0DF36 /* Pods-ChooseHelper.debug.xcconfig */,
				93E20321FA901A21388A6E34 /* Pods-ChooseHelper.release.xcconfig */,
			);
			path = Pods;
			sourceTree = "<group>";
		};
/* End PBXGroup section */

/* Begin PBXNativeTarget section */
		18A97B44234DBB06006BDBBC /* ChooseHelper */ = {
			isa = PBXNativeTarget;
			buildConfigurationList = 18A97B5E234DBB07006BDBBC /* Build configuration list for PBXNativeTarget "ChooseHelper" */;
			buildPhases = (
				EC62E8D4B78A6BA79E5061FB /* [CP] Check Pods Manifest.lock */,
				18A97B41234DBB06006BDBBC /* Sources */,
				18A97B42234DBB06006BDBBC /* Frameworks */,
				18A97B43234DBB06006BDBBC /* Resources */,
				D3B814CC432F718235297A2E /* [CP] Copy Pods Resources */,
			);
			buildRules = (
			);
			dependencies = (
			);
			name = ChooseHelper;
			productName = ChooseHelper;
			productReference = 18A97B45234DBB06006BDBBC /* 金牛配资.app */;
			productType = "com.apple.product-type.application";
		};
/* End PBXNativeTarget section */

/* Begin PBXProject section */
		18A97B3D234DBB06006BDBBC /* Project object */ = {
			isa = PBXProject;
			attributes = {
				LastUpgradeCheck = 1100;
				ORGANIZATIONNAME = apple;
				TargetAttributes = {
					18A97B44234DBB06006BDBBC = {
						CreatedOnToolsVersion = 11.0;
					};
				};
			};
			buildConfigurationList = 18A97B40234DBB06006BDBBC /* Build configuration list for PBXProject "ChooseHelper" */;
			compatibilityVersion = "Xcode 9.3";
			developmentRegion = en;
			hasScannedForEncodings = 0;
			knownRegions = (
				en,
				Base,
			);
			mainGroup = 18A97B3C234DBB06006BDBBC;
			productRefGroup = 18A97B46234DBB06006BDBBC /* Products */;
			projectDirPath = "";
			projectRoot = "";
			targets = (
				18A97B44234DBB06006BDBBC /* ChooseHelper */,
			);
		};
/* End PBXProject section */

/* Begin PBXResourcesBuildPhase section */
		18A97B43234DBB06006BDBBC /* Resources */ = {
			isa = PBXResourcesBuildPhase;
			buildActionMask = 2147483647;
			files = (
				18BD06362350A8CE00F89CA0 /* ClassTableViewCell.xib in Resources */,
				18A97B58234DBB07006BDBBC /* LaunchScreen.storyboard in Resources */,
				18BD067B2350B62900F89CA0 /* ZQPlayerImage.bundle in Resources */,
				18CDB6D12350616100E955D8 /* ZXTableViewCell.xib in Resources */,
				18BD062623507EBB00F89CA0 /* TransactionRecordTableViewCell.xib in Resources */,
				18CDB6CC235057A900E955D8 /* HQTableViewCell.xib in Resources */,
				18A97B99234DBB87006BDBBC /* InfoPlist.strings in Resources */,
				186037202351DA5F00565B03 /* jzsp0.json in Resources */,
				18A97B94234DBB76006BDBBC /* MainCollectionViewCell.xib in Resources */,
				18BD062E2350979A00F89CA0 /* MainTableViewCell.xib in Resources */,
				186037222351DA5F00565B03 /* jzsp3.json in Resources */,
				186037212351DA5F00565B03 /* jzsp1.json in Resources */,
				1870A00C234F70C2006CD559 /* XLYTableViewCell.xib in Resources */,
				18A97B55234DBB07006BDBBC /* Assets.xcassets in Resources */,
				1860371F2351DA5F00565B03 /* jzsp2.json in Resources */,
				18CDB6BE23501F0C00E955D8 /* SystemTradTableViewCell.xib in Resources */,
				685DF1282351D1CE00EA2C9B /* data2.plist in Resources */,
				18BD068F2350C8CC00F89CA0 /* NewgpTableViewCell.xib in Resources */,
			);
			runOnlyForDeploymentPostprocessing = 0;
		};
/* End PBXResourcesBuildPhase section */

/* Begin PBXShellScriptBuildPhase section */
		D3B814CC432F718235297A2E /* [CP] Copy Pods Resources */ = {
			isa = PBXShellScriptBuildPhase;
			buildActionMask = 2147483647;
			files = (
			);
			inputFileListPaths = (
				"${PODS_ROOT}/Target Support Files/Pods-ChooseHelper/Pods-ChooseHelper-resources-${CONFIGURATION}-input-files.xcfilelist",
			);
			name = "[CP] Copy Pods Resources";
			outputFileListPaths = (
				"${PODS_ROOT}/Target Support Files/Pods-ChooseHelper/Pods-ChooseHelper-resources-${CONFIGURATION}-output-files.xcfilelist",
			);
			runOnlyForDeploymentPostprocessing = 0;
			shellPath = /bin/sh;
			shellScript = "\"${PODS_ROOT}/Target Support Files/Pods-ChooseHelper/Pods-ChooseHelper-resources.sh\"\n";
			showEnvVarsInLog = 0;
		};
		EC62E8D4B78A6BA79E5061FB /* [CP] Check Pods Manifest.lock */ = {
			isa = PBXShellScriptBuildPhase;
			buildActionMask = 2147483647;
			files = (
			);
			inputFileListPaths = (
			);
			inputPaths = (
				"${PODS_PODFILE_DIR_PATH}/Podfile.lock",
				"${PODS_ROOT}/Manifest.lock",
			);
			name = "[CP] Check Pods Manifest.lock";
			outputFileListPaths = (
			);
			outputPaths = (
				"$(DERIVED_FILE_DIR)/Pods-ChooseHelper-checkManifestLockResult.txt",
			);
			runOnlyForDeploymentPostprocessing = 0;
			shellPath = /bin/sh;
			shellScript = "diff \"${PODS_PODFILE_DIR_PATH}/Podfile.lock\" \"${PODS_ROOT}/Manifest.lock\" > /dev/null\nif [ $? != 0 ] ; then\n    # print error to STDERR\n    echo \"error: The sandbox is not in sync with the Podfile.lock. Run 'pod install' or update your CocoaPods installation.\" >&2\n    exit 1\nfi\n# This output is used by Xcode 'outputs' to avoid re-running this script phase.\necho \"SUCCESS\" > \"${SCRIPT_OUTPUT_FILE_0}\"\n";
			showEnvVarsInLog = 0;
		};
/* End PBXShellScriptBuildPhase section */

/* Begin PBXSourcesBuildPhase section */
		18A97B41234DBB06006BDBBC /* Sources */ = {
			isa = PBXSourcesBuildPhase;
			buildActionMask = 2147483647;
			files = (
				18CDB6CB235057A900E955D8 /* HQTableViewCell.m in Sources */,
				6842917823517813009341A3 /* IndexVO.m in Sources */,
				685DF1262351D1C500EA2C9B /* YKLineEntity.m in Sources */,
				18BD06312350A65F00F89CA0 /* ClassViewController.m in Sources */,
				18A97B8A234DBB6D006BDBBC /* SingletonModel.m in Sources */,
				6842915323517513009341A3 /* StockRequetServer.m in Sources */,
				6842918D235185A7009341A3 /* UIView+Util.m in Sources */,
				18709FEB234F2672006CD559 /* LoginViewController.m in Sources */,
				18CDB6D42350698F00E955D8 /* ZFPMViewController.m in Sources */,
				6842915123517513009341A3 /* BaseRequestServer.m in Sources */,
				18BD062523507EBB00F89CA0 /* TransactionRecordTableViewCell.m in Sources */,
				18BD06872350C22600F89CA0 /* ImportViewController.m in Sources */,
				18A97B8C234DBB6D006BDBBC /* ZHightView.m in Sources */,
				68429190235185A7009341A3 /* UITextView+ZWPlaceHolder.m in Sources */,
				18CDB6D02350616100E955D8 /* ZXTableViewCell.m in Sources */,
				18A97B87234DBB6D006BDBBC /* BaseViewController.m in Sources */,
				1860370E2351B4DB00565B03 /* MBManager.m in Sources */,
				68429191235185A7009341A3 /* UIImage+Additions.m in Sources */,
				18709FFB234F4CE7006CD559 /* AboutViewController.m in Sources */,
				685DF1252351D1C500EA2C9B /* YKLineChartView.m in Sources */,
				685DF1232351D1C500EA2C9B /* YKTimeLineView.m in Sources */,
				18709FF8234F4CD1006CD559 /* ChangesecretViewController.m in Sources */,
				18CDB6C123502E7500E955D8 /* HQViewController.m in Sources */,
				6842916D235175BA009341A3 /* RequestResultVO.m in Sources */,
				6842918E235185A7009341A3 /* UITapGestureRecognizer+Property.m in Sources */,
				6842916023517596009341A3 /* AccountDao.m in Sources */,
				18709FF5234F4CBF006CD559 /* ChangeNameViewController.m in Sources */,
				18BD062123507E8B00F89CA0 /* TransactionRecordViewController.m in Sources */,
				18CDB6C423502E7F00E955D8 /* ZXViewController.m in Sources */,
				6842915F23517596009341A3 /* BaseDao.m in Sources */,
				18BD068A2350C23500F89CA0 /* NewgpViewController.m in Sources */,
				18709FEC234F2672006CD559 /* SignViewController.m in Sources */,
				18BD06812350C1B800F89CA0 /* InformationViewController.m in Sources */,
				18BD06842350C21700F89CA0 /* NewsViewController.m in Sources */,
				18A97BDB234DC729006BDBBC /* StockTabbarController.m in Sources */,
				1860370D2351B4DB00565B03 /* MBProgressHUD+Add.m in Sources */,
				6842916123517596009341A3 /* RootDao.m in Sources */,
				18A97B8B234DBB6D006BDBBC /* UIColor+TT.m in Sources */,
				1870A007234F54EE006CD559 /* CZViewController.m in Sources */,
				18709FF2234F2679006CD559 /* TrainViewController.m in Sources */,
				18BD067E2350B62900F89CA0 /* ZQPlayerMaskView.m in Sources */,
				18A97B4A234DBB06006BDBBC /* AppDelegate.m in Sources */,
				685DF3012351FD9100EA2C9B /* NormalStockVO.m in Sources */,
				186037132351B96B00565B03 /* KsModel.m in Sources */,
				685DF1242351D1C500EA2C9B /* YKViewBase.m in Sources */,
				18A97B89234DBB6D006BDBBC /* Utils.m in Sources */,
				68429164235175A5009341A3 /* Account.m in Sources */,
				18709FEE234F2672006CD559 /* MyViewController.m in Sources */,
				6842917B2351785D009341A3 /* StockNewsModel.m in Sources */,
				6842916E235175BA009341A3 /* StockRequestResultVO.m in Sources */,
				18A97B5B234DBB07006BDBBC /* main.m in Sources */,
				18BD06352350A8CE00F89CA0 /* ClassTableViewCell.m in Sources */,
				1870A00F234F79C5006CD559 /* BuysellViewController.m in Sources */,
				6842918023518569009341A3 /* CHBaseViewController.m in Sources */,
				18BD06392350AB4500F89CA0 /* MessageViewController.m in Sources */,
				18BD067C2350B62900F89CA0 /* ZQPlayer.m in Sources */,
				685DF1222351D1C500EA2C9B /* YKLineDataSet.m in Sources */,
				18709FEA234F2672006CD559 /* MainViewController.m in Sources */,
				1870A00B234F70C2006CD559 /* XLYTableViewCell.m in Sources */,
				18BD0629235086CF00F89CA0 /* SearchViewController.m in Sources */,
				6842916F235175BA009341A3 /* StockListResultVO.m in Sources */,
				685DF1212351D1C500EA2C9B /* YKLineChartViewBase.m in Sources */,
				1870A004234F4D2B006CD559 /* VersionViewController.m in Sources */,
				18A97B86234DBB6D006BDBBC /* YCAlertView.m in Sources */,
				18709FED234F2672006CD559 /* MarketViewController.m in Sources */,
				18BD062D2350979A00F89CA0 /* MainTableViewCell.m in Sources */,
				6842915E23517596009341A3 /* CommonDao.m in Sources */,
				18A97BD3234DC356006BDBBC /* NSString+StringUtil.m in Sources */,
				18A97B88234DBB6D006BDBBC /* MBProgressHUD+PD.m in Sources */,
				18CDB6BD23501F0C00E955D8 /* SystemTradTableViewCell.m in Sources */,
				18BD068E2350C8CC00F89CA0 /* NewgpTableViewCell.m in Sources */,
				18BD061E23506CF400F89CA0 /* GPXQViewController.m in Sources */,
				18A97BD1234DC356006BDBBC /* NSDictionary+NilSafe.m in Sources */,
				6842918F235185A7009341A3 /* UIColor+AppColor.m in Sources */,
				18BD067D2350B62900F89CA0 /* ZQPlayerLandSpaceViewController.m in Sources */,
				68429170235175BA009341A3 /* StockSingleResultVO.m in Sources */,
				18A97B96234DBB76006BDBBC /* MainCollectionViewCell.m in Sources */,
				6842915223517513009341A3 /* StockBaseRequestServer.m in Sources */,
				6842915023517513009341A3 /* UserRequestServer.m in Sources */,
				18A97BD6234DC356006BDBBC /* UIImage+Utils.m in Sources */,
				18BD063C2350AC9100F89CA0 /* PlayViewController.m in Sources */,
			);
			runOnlyForDeploymentPostprocessing = 0;
		};
/* End PBXSourcesBuildPhase section */

/* Begin PBXVariantGroup section */
		18A97B56234DBB07006BDBBC /* LaunchScreen.storyboard */ = {
			isa = PBXVariantGroup;
			children = (
				18A97B57234DBB07006BDBBC /* Base */,
			);
			name = LaunchScreen.storyboard;
			sourceTree = "<group>";
		};
/* End PBXVariantGroup section */

/* Begin XCBuildConfiguration section */
		18A97B5C234DBB07006BDBBC /* Debug */ = {
			isa = XCBuildConfiguration;
			buildSettings = {
				ALWAYS_SEARCH_USER_PATHS = NO;
				CLANG_ANALYZER_NONNULL = YES;
				CLANG_ANALYZER_NUMBER_OBJECT_CONVERSION = YES_AGGRESSIVE;
				CLANG_CXX_LANGUAGE_STANDARD = "gnu++14";
				CLANG_CXX_LIBRARY = "libc++";
				CLANG_ENABLE_MODULES = YES;
				CLANG_ENABLE_OBJC_ARC = YES;
				CLANG_ENABLE_OBJC_WEAK = YES;
				CLANG_WARN_BLOCK_CAPTURE_AUTORELEASING = YES;
				CLANG_WARN_BOOL_CONVERSION = YES;
				CLANG_WARN_COMMA = YES;
				CLANG_WARN_CONSTANT_CONVERSION = YES;
				CLANG_WARN_DEPRECATED_OBJC_IMPLEMENTATIONS = YES;
				CLANG_WARN_DIRECT_OBJC_ISA_USAGE = YES_ERROR;
				CLANG_WARN_DOCUMENTATION_COMMENTS = YES;
				CLANG_WARN_EMPTY_BODY = YES;
				CLANG_WARN_ENUM_CONVERSION = YES;
				CLANG_WARN_INFINITE_RECURSION = YES;
				CLANG_WARN_INT_CONVERSION = YES;
				CLANG_WARN_NON_LITERAL_NULL_CONVERSION = YES;
				CLANG_WARN_OBJC_IMPLICIT_RETAIN_SELF = YES;
				CLANG_WARN_OBJC_LITERAL_CONVERSION = YES;
				CLANG_WARN_OBJC_ROOT_CLASS = YES_ERROR;
				CLANG_WARN_RANGE_LOOP_ANALYSIS = YES;
				CLANG_WARN_STRICT_PROTOTYPES = YES;
				CLANG_WARN_SUSPICIOUS_MOVE = YES;
				CLANG_WARN_UNGUARDED_AVAILABILITY = YES_AGGRESSIVE;
				CLANG_WARN_UNREACHABLE_CODE = YES;
				CLANG_WARN__DUPLICATE_METHOD_MATCH = YES;
				COPY_PHASE_STRIP = NO;
				DEBUG_INFORMATION_FORMAT = dwarf;
				ENABLE_STRICT_OBJC_MSGSEND = YES;
				ENABLE_TESTABILITY = YES;
				GCC_C_LANGUAGE_STANDARD = gnu11;
				GCC_DYNAMIC_NO_PIC = NO;
				GCC_NO_COMMON_BLOCKS = YES;
				GCC_OPTIMIZATION_LEVEL = 0;
				GCC_PREPROCESSOR_DEFINITIONS = (
					"DEBUG=1",
					"$(inherited)",
				);
				GCC_WARN_64_TO_32_BIT_CONVERSION = YES;
				GCC_WARN_ABOUT_RETURN_TYPE = YES_ERROR;
				GCC_WARN_UNDECLARED_SELECTOR = YES;
				GCC_WARN_UNINITIALIZED_AUTOS = YES_AGGRESSIVE;
				GCC_WARN_UNUSED_FUNCTION = YES;
				GCC_WARN_UNUSED_VARIABLE = YES;
				IPHONEOS_DEPLOYMENT_TARGET = 13.0;
				MTL_ENABLE_DEBUG_INFO = INCLUDE_SOURCE;
				MTL_FAST_MATH = YES;
				ONLY_ACTIVE_ARCH = YES;
				SDKROOT = iphoneos;
			};
			name = Debug;
		};
		18A97B5D234DBB07006BDBBC /* Release */ = {
			isa = XCBuildConfiguration;
			buildSettings = {
				ALWAYS_SEARCH_USER_PATHS = NO;
				CLANG_ANALYZER_NONNULL = YES;
				CLANG_ANALYZER_NUMBER_OBJECT_CONVERSION = YES_AGGRESSIVE;
				CLANG_CXX_LANGUAGE_STANDARD = "gnu++14";
				CLANG_CXX_LIBRARY = "libc++";
				CLANG_ENABLE_MODULES = YES;
				CLANG_ENABLE_OBJC_ARC = YES;
				CLANG_ENABLE_OBJC_WEAK = YES;
				CLANG_WARN_BLOCK_CAPTURE_AUTORELEASING = YES;
				CLANG_WARN_BOOL_CONVERSION = YES;
				CLANG_WARN_COMMA = YES;
				CLANG_WARN_CONSTANT_CONVERSION = YES;
				CLANG_WARN_DEPRECATED_OBJC_IMPLEMENTATIONS = YES;
				CLANG_WARN_DIRECT_OBJC_ISA_USAGE = YES_ERROR;
				CLANG_WARN_DOCUMENTATION_COMMENTS = YES;
				CLANG_WARN_EMPTY_BODY = YES;
				CLANG_WARN_ENUM_CONVERSION = YES;
				CLANG_WARN_INFINITE_RECURSION = YES;
				CLANG_WARN_INT_CONVERSION = YES;
				CLANG_WARN_NON_LITERAL_NULL_CONVERSION = YES;
				CLANG_WARN_OBJC_IMPLICIT_RETAIN_SELF = YES;
				CLANG_WARN_OBJC_LITERAL_CONVERSION = YES;
				CLANG_WARN_OBJC_ROOT_CLASS = YES_ERROR;
				CLANG_WARN_RANGE_LOOP_ANALYSIS = YES;
				CLANG_WARN_STRICT_PROTOTYPES = YES;
				CLANG_WARN_SUSPICIOUS_MOVE = YES;
				CLANG_WARN_UNGUARDED_AVAILABILITY = YES_AGGRESSIVE;
				CLANG_WARN_UNREACHABLE_CODE = YES;
				CLANG_WARN__DUPLICATE_METHOD_MATCH = YES;
				COPY_PHASE_STRIP = NO;
				DEBUG_INFORMATION_FORMAT = "dwarf-with-dsym";
				ENABLE_NS_ASSERTIONS = NO;
				ENABLE_STRICT_OBJC_MSGSEND = YES;
				GCC_C_LANGUAGE_STANDARD = gnu11;
				GCC_NO_COMMON_BLOCKS = YES;
				GCC_WARN_64_TO_32_BIT_CONVERSION = YES;
				GCC_WARN_ABOUT_RETURN_TYPE = YES_ERROR;
				GCC_WARN_UNDECLARED_SELECTOR = YES;
				GCC_WARN_UNINITIALIZED_AUTOS = YES_AGGRESSIVE;
				GCC_WARN_UNUSED_FUNCTION = YES;
				GCC_WARN_UNUSED_VARIABLE = YES;
				IPHONEOS_DEPLOYMENT_TARGET = 13.0;
				MTL_ENABLE_DEBUG_INFO = NO;
				MTL_FAST_MATH = YES;
				SDKROOT = iphoneos;
				VALIDATE_PRODUCT = YES;
			};
			name = Release;
		};
		18A97B5F234DBB07006BDBBC /* Debug */ = {
			isa = XCBuildConfiguration;
			baseConfigurationReference = 3365420ECB57F74C43A0DF36 /* Pods-ChooseHelper.debug.xcconfig */;
			buildSettings = {
				ASSETCATALOG_COMPILER_APPICON_NAME = AppIcon;
				CODE_SIGN_IDENTITY = "iPhone Developer";
				CODE_SIGN_STYLE = Manual;
				DEVELOPMENT_TEAM = 2M989W69QH;
				GCC_PREFIX_HEADER = "$(SRCROOT)/ChooseHelper/PrefixHeader.pch";
				INFOPLIST_FILE = ChooseHelper/Info.plist;
				IPHONEOS_DEPLOYMENT_TARGET = 10.0;
				LD_RUNPATH_SEARCH_PATHS = (
					"$(inherited)",
					"@executable_path/Frameworks",
				);
				PRODUCT_BUNDLE_IDENTIFIER = com.zhizhang.stockhelper;
				PRODUCT_NAME = "金牛配资";
				PROVISIONING_PROFILE_SPECIFIER = stockhelperDevP;
				TARGETED_DEVICE_FAMILY = 1;
			};
			name = Debug;
		};
		18A97B60234DBB07006BDBBC /* Release */ = {
			isa = XCBuildConfiguration;
			baseConfigurationReference = 93E20321FA901A21388A6E34 /* Pods-ChooseHelper.release.xcconfig */;
			buildSettings = {
				ASSETCATALOG_COMPILER_APPICON_NAME = AppIcon;
				CODE_SIGN_IDENTITY = "iPhone Distribution";
				CODE_SIGN_STYLE = Manual;
				DEVELOPMENT_TEAM = 2M989W69QH;
				GCC_PREFIX_HEADER = "$(SRCROOT)/ChooseHelper/PrefixHeader.pch";
				INFOPLIST_FILE = ChooseHelper/Info.plist;
				IPHONEOS_DEPLOYMENT_TARGET = 10.0;
				LD_RUNPATH_SEARCH_PATHS = (
					"$(inherited)",
					"@executable_path/Frameworks",
				);
				PRODUCT_BUNDLE_IDENTIFIER = com.zhizhang.stockhelper;
				PRODUCT_NAME = "金牛配资";
				PROVISIONING_PROFILE_SPECIFIER = stockhelperStoreP;
				TARGETED_DEVICE_FAMILY = 1;
			};
			name = Release;
		};
/* End XCBuildConfiguration section */

/* Begin XCConfigurationList section */
		18A97B40234DBB06006BDBBC /* Build configuration list for PBXProject "ChooseHelper" */ = {
			isa = XCConfigurationList;
			buildConfigurations = (
				18A97B5C234DBB07006BDBBC /* Debug */,
				18A97B5D234DBB07006BDBBC /* Release */,
			);
			defaultConfigurationIsVisible = 0;
			defaultConfigurationName = Release;
		};
		18A97B5E234DBB07006BDBBC /* Build configuration list for PBXNativeTarget "ChooseHelper" */ = {
			isa = XCConfigurationList;
			buildConfigurations = (
				18A97B5F234DBB07006BDBBC /* Debug */,
				18A97B60234DBB07006BDBBC /* Release */,
			);
			defaultConfigurationIsVisible = 0;
			defaultConfigurationName = Release;
		};
/* End XCConfigurationList section */
	};
	rootObject = 18A97B3D234DBB06006BDBBC /* Project object */;
}
